Microsoft Visual Studio Solution File, Format Version 12.00
# Visual Studio Version 16
VisualStudioVersion = 16.0.29920.165
MinimumVisualStudioVersion = 15.0.26124.0
Project("{D954291E-2A0B-460D-934E-DC6B0785DB48}") = "UWPCommunityApp.Shared", "UWPCommunityApp.Shared\UWPCommunityApp.Shared.shproj", "{6279C845-92F8-4333-AB99-3D213163593C}"
EndProject
Project("{FAE04EC0-301F-11D3-BF4B-00C04F79EFBC}") = "UWPCommunityApp.Droid", "UWPCommunityApp.Droid\UWPCommunityApp.Droid.csproj", "{5ECD7330-7194-475E-9E65-DECDA1869013}"
EndProject
Project("{FAE04EC0-301F-11D3-BF4B-00C04F79EFBC}") = "UWPCommunityApp.iOS", "UWPCommunityApp.iOS\UWPCommunityApp.iOS.csproj", "{AAD79249-778A-41A4-90D5-ECDAD11ACE00}"
EndProject
Project("{FAE04EC0-301F-11D3-BF4B-00C04F79EFBC}") = "UWPCommunityApp.Uwp", "UWPCommunityApp.UWP\UWPCommunityApp.Uwp.csproj", "{242354C0-1808-4B14-92EB-58D21CCF4598}"
EndProject
Project("{9A19103F-16F7-4668-BE54-9A1E7A4F7556}") = "UWPCommunityApp.Wasm", "UWPCommunityApp.Wasm\UWPCommunityApp.Wasm.csproj", "{40EA03F7-8A22-4143-B251-79BAC3EB13D2}"
EndProject
Project("{FAE04EC0-301F-11D3-BF4B-00C04F79EFBC}") = "UWPCommunityApp.macOS", "UWPCommunityApp.macOS\UWPCommunityApp.macOS.csproj", "{61E57F1C-698F-442E-BCC7-A567C89CFC24}"
EndProject
Project("{9A19103F-16F7-4668-BE54-9A1E7A4F7556}") = "UWPCommunityApp.Skia.Gtk", "UWPCommunityApp.Skia.Gtk\UWPCommunityApp.Skia.Gtk.csproj", "{A5B8155A-118F-4794-B551-C6F3CF7E5411}"
EndProject
Project("{9A19103F-16F7-4668-BE54-9A1E7A4F7556}") = "UWPCommunityApp.Skia.WPF", "UWPCommunityApp.Skia.WPF\UWPCommunityApp.Skia.WPF.csproj", "{28B54D00-F84C-4818-91BA-307B4E6B2FD3}"
EndProject
Project("{9A19103F-16F7-4668-BE54-9A1E7A4F7556}") = "UWPCommunityApp.Skia.Wpf.Host", "UWPCommunityApp.Skia.WPF.Host\UWPCommunityApp.Skia.Wpf.Host.csproj", "{6CF284A4-22B1-4F05-97F4-F095C07A598E}"
EndProject
Project("{9A19103F-16F7-4668-BE54-9A1E7A4F7556}") = "UWPCommunityApp.Skia.Tizen", "UWPCommunityApp.Skia.Tizen\UWPCommunityApp.Skia.Tizen.csproj", "{9AED22A6-77DC-4799-BAE7-5F26F2070BD2}"
EndProject
Global
	GlobalSection(SharedMSBuildProjectFiles) = preSolution
		UWPCommunityApp.Shared\UWPCommunityApp.Shared.projitems*{242354c0-1808-4b14-92eb-58d21ccf4598}*SharedItemsImports = 4
		UWPCommunityApp.Shared\UWPCommunityApp.Shared.projitems*{28b54d00-f84c-4818-91ba-307b4e6b2fd3}*SharedItemsImports = 5
		UWPCommunityApp.Shared\UWPCommunityApp.Shared.projitems*{40ea03f7-8a22-4143-b251-79bac3eb13d2}*SharedItemsImports = 5
		UWPCommunityApp.Shared\UWPCommunityApp.Shared.projitems*{5ecd7330-7194-475e-9e65-decda1869013}*SharedItemsImports = 4
		UWPCommunityApp.Shared\UWPCommunityApp.Shared.projitems*{61e57f1c-698f-442e-bcc7-a567c89cfc24}*SharedItemsImports = 4
		UWPCommunityApp.Shared\UWPCommunityApp.Shared.projitems*{6279c845-92f8-4333-ab99-3d213163593c}*SharedItemsImports = 13
		UWPCommunityApp.Shared\UWPCommunityApp.Shared.projitems*{9aed22a6-77dc-4799-bae7-5f26f2070bd2}*SharedItemsImports = 5
		UWPCommunityApp.Shared\UWPCommunityApp.Shared.projitems*{a5b8155a-118f-4794-b551-c6f3cf7e5411}*SharedItemsImports = 5
		UWPCommunityApp.Shared\UWPCommunityApp.Shared.projitems*{aad79249-778a-41a4-90d5-ecdad11ace00}*SharedItemsImports = 4
	EndGlobalSection
	GlobalSection(SolutionConfigurationPlatforms) = preSolution
		Debug|Any CPU = Debug|Any CPU
		Debug|ARM = Debug|ARM
		Debug|ARM64 = Debug|ARM64
		Debug|iPhone = Debug|iPhone
		Debug|iPhoneSimulator = Debug|iPhoneSimulator
		Debug|x64 = Debug|x64
		Debug|x86 = Debug|x86
		Release|Any CPU = Release|Any CPU
		Release|ARM = Release|ARM
		Release|ARM64 = Release|ARM64
		Release|iPhone = Release|iPhone
		Release|iPhoneSimulator = Release|iPhoneSimulator
		Release|x64 = Release|x64
		Release|x86 = Release|x86
	EndGlobalSection
	GlobalSection(ProjectConfigurationPlatforms) = postSolution
		{5ECD7330-7194-475E-9E65-DECDA1869013}.Debug|Any CPU.ActiveCfg = Debug|Any CPU
		{5ECD7330-7194-475E-9E65-DECDA1869013}.Debug|Any CPU.Build.0 = Debug|Any CPU
		{5ECD7330-7194-475E-9E65-DECDA1869013}.Debug|Any CPU.Deploy.0 = Debug|Any CPU
		{5ECD7330-7194-475E-9E65-DECDA1869013}.Debug|ARM.ActiveCfg = Debug|Any CPU
		{5ECD7330-7194-475E-9E65-DECDA1869013}.Debug|ARM.Build.0 = Debug|Any CPU
		{5ECD7330-7194-475E-9E65-DECDA1869013}.Debug|ARM.Deploy.0 = Debug|Any CPU
		{5ECD7330-7194-475E-9E65-DECDA1869013}.Debug|ARM64.ActiveCfg = Debug|Any CPU
		{5ECD7330-7194-475E-9E65-DECDA1869013}.Debug|ARM64.Build.0 = Debug|Any CPU
		{5ECD7330-7194-475E-9E65-DECDA1869013}.Debug|ARM64.Deploy.0 = Debug|Any CPU
		{5ECD7330-7194-475E-9E65-DECDA1869013}.Debug|iPhone.ActiveCfg = Debug|Any CPU
		{5ECD7330-7194-475E-9E65-DECDA1869013}.Debug|iPhone.Build.0 = Debug|Any CPU
		{5ECD7330-7194-475E-9E65-DECDA1869013}.Debug|iPhone.Deploy.0 = Debug|Any CPU
		{5ECD7330-7194-475E-9E65-DECDA1869013}.Debug|iPhoneSimulator.ActiveCfg = Debug|Any CPU
		{5ECD7330-7194-475E-9E65-DECDA1869013}.Debug|iPhoneSimulator.Build.0 = Debug|Any CPU
		{5ECD7330-7194-475E-9E65-DECDA1869013}.Debug|iPhoneSimulator.Deploy.0 = Debug|Any CPU
		{5ECD7330-7194-475E-9E65-DECDA1869013}.Debug|x64.ActiveCfg = Debug|Any CPU
		{5ECD7330-7194-475E-9E65-DECDA1869013}.Debug|x64.Build.0 = Debug|Any CPU
		{5ECD7330-7194-475E-9E65-DECDA1869013}.Debug|x64.Deploy.0 = Debug|Any CPU
		{5ECD7330-7194-475E-9E65-DECDA1869013}.Debug|x86.ActiveCfg = Debug|Any CPU
		{5ECD7330-7194-475E-9E65-DECDA1869013}.Debug|x86.Build.0 = Debug|Any CPU
		{5ECD7330-7194-475E-9E65-DECDA1869013}.Debug|x86.Deploy.0 = Debug|Any CPU
		{5ECD7330-7194-475E-9E65-DECDA1869013}.Release|Any CPU.ActiveCfg = Release|Any CPU
		{5ECD7330-7194-475E-9E65-DECDA1869013}.Release|Any CPU.Build.0 = Release|Any CPU
		{5ECD7330-7194-475E-9E65-DECDA1869013}.Release|Any CPU.Deploy.0 = Release|Any CPU
		{5ECD7330-7194-475E-9E65-DECDA1869013}.Release|ARM.ActiveCfg = Release|Any CPU
		{5ECD7330-7194-475E-9E65-DECDA1869013}.Release|ARM.Build.0 = Release|Any CPU
		{5ECD7330-7194-475E-9E65-DECDA1869013}.Release|ARM.Deploy.0 = Release|Any CPU
		{5ECD7330-7194-475E-9E65-DECDA1869013}.Release|ARM64.ActiveCfg = Release|Any CPU
		{5ECD7330-7194-475E-9E65-DECDA1869013}.Release|ARM64.Build.0 = Release|Any CPU
		{5ECD7330-7194-475E-9E65-DECDA1869013}.Release|ARM64.Deploy.0 = Release|Any CPU
		{5ECD7330-7194-475E-9E65-DECDA1869013}.Release|iPhone.ActiveCfg = Release|Any CPU
		{5ECD7330-7194-475E-9E65-DECDA1869013}.Release|iPhone.Build.0 = Release|Any CPU
		{5ECD7330-7194-475E-9E65-DECDA1869013}.Release|iPhone.Deploy.0 = Release|Any CPU
		{5ECD7330-7194-475E-9E65-DECDA1869013}.Release|iPhoneSimulator.ActiveCfg = Release|Any CPU
		{5ECD7330-7194-475E-9E65-DECDA1869013}.Release|iPhoneSimulator.Build.0 = Release|Any CPU
		{5ECD7330-7194-475E-9E65-DECDA1869013}.Release|iPhoneSimulator.Deploy.0 = Release|Any CPU
		{5ECD7330-7194-475E-9E65-DECDA1869013}.Release|x64.ActiveCfg = Release|Any CPU
		{5ECD7330-7194-475E-9E65-DECDA1869013}.Release|x64.Build.0 = Release|Any CPU
		{5ECD7330-7194-475E-9E65-DECDA1869013}.Release|x64.Deploy.0 = Release|Any CPU
		{5ECD7330-7194-475E-9E65-DECDA1869013}.Release|x86.ActiveCfg = Release|Any CPU
		{5ECD7330-7194-475E-9E65-DECDA1869013}.Release|x86.Build.0 = Release|Any CPU
		{5ECD7330-7194-475E-9E65-DECDA1869013}.Release|x86.Deploy.0 = Release|Any CPU
		{AAD79249-778A-41A4-90D5-ECDAD11ACE00}.Debug|Any CPU.ActiveCfg = Debug|iPhone
		{AAD79249-778A-41A4-90D5-ECDAD11ACE00}.Debug|Any CPU.Build.0 = Debug|iPhone
		{AAD79249-778A-41A4-90D5-ECDAD11ACE00}.Debug|Any CPU.Deploy.0 = Debug|iPhone
		{AAD79249-778A-41A4-90D5-ECDAD11ACE00}.Debug|ARM.ActiveCfg = Debug|iPhone
		{AAD79249-778A-41A4-90D5-ECDAD11ACE00}.Debug|ARM64.ActiveCfg = Debug|iPhone
		{AAD79249-778A-41A4-90D5-ECDAD11ACE00}.Debug|iPhone.ActiveCfg = Debug|iPhone
		{AAD79249-778A-41A4-90D5-ECDAD11ACE00}.Debug|iPhone.Build.0 = Debug|iPhone
		{AAD79249-778A-41A4-90D5-ECDAD11ACE00}.Debug|iPhoneSimulator.ActiveCfg = Debug|iPhoneSimulator
		{AAD79249-778A-41A4-90D5-ECDAD11ACE00}.Debug|iPhoneSimulator.Build.0 = Debug|iPhoneSimulator
		{AAD79249-778A-41A4-90D5-ECDAD11ACE00}.Debug|x64.ActiveCfg = Debug|iPhone
		{AAD79249-778A-41A4-90D5-ECDAD11ACE00}.Debug|x64.Build.0 = Debug|iPhone
		{AAD79249-778A-41A4-90D5-ECDAD11ACE00}.Debug|x64.Deploy.0 = Debug|iPhone
		{AAD79249-778A-41A4-90D5-ECDAD11ACE00}.Debug|x86.ActiveCfg = Debug|iPhoneSimulator
		{AAD79249-778A-41A4-90D5-ECDAD11ACE00}.Debug|x86.Build.0 = Debug|iPhoneSimulator
		{AAD79249-778A-41A4-90D5-ECDAD11ACE00}.Debug|x86.Deploy.0 = Debug|iPhoneSimulator
		{AAD79249-778A-41A4-90D5-ECDAD11ACE00}.Release|Any CPU.ActiveCfg = Release|iPhone
		{AAD79249-778A-41A4-90D5-ECDAD11ACE00}.Release|ARM.ActiveCfg = Release|iPhone
		{AAD79249-778A-41A4-90D5-ECDAD11ACE00}.Release|ARM64.ActiveCfg = Release|iPhone
		{AAD79249-778A-41A4-90D5-ECDAD11ACE00}.Release|iPhone.ActiveCfg = Release|iPhone
		{AAD79249-778A-41A4-90D5-ECDAD11ACE00}.Release|iPhone.Build.0 = Release|iPhone
		{AAD79249-778A-41A4-90D5-ECDAD11ACE00}.Release|iPhoneSimulator.ActiveCfg = Release|iPhoneSimulator
		{AAD79249-778A-41A4-90D5-ECDAD11ACE00}.Release|iPhoneSimulator.Build.0 = Release|iPhoneSimulator
		{AAD79249-778A-41A4-90D5-ECDAD11ACE00}.Release|x64.ActiveCfg = Release|iPhoneSimulator
		{AAD79249-778A-41A4-90D5-ECDAD11ACE00}.Release|x64.Build.0 = Release|iPhoneSimulator
		{AAD79249-778A-41A4-90D5-ECDAD11ACE00}.Release|x64.Deploy.0 = Release|iPhoneSimulator
		{AAD79249-778A-41A4-90D5-ECDAD11ACE00}.Release|x86.ActiveCfg = Release|iPhoneSimulator
		{AAD79249-778A-41A4-90D5-ECDAD11ACE00}.Release|x86.Build.0 = Release|iPhoneSimulator
		{242354C0-1808-4B14-92EB-58D21CCF4598}.Debug|Any CPU.ActiveCfg = Debug|x86
		{242354C0-1808-4B14-92EB-58D21CCF4598}.Debug|Any CPU.Build.0 = Debug|x86
		{242354C0-1808-4B14-92EB-58D21CCF4598}.Debug|Any CPU.Deploy.0 = Debug|x86
		{242354C0-1808-4B14-92EB-58D21CCF4598}.Debug|ARM.ActiveCfg = Debug|ARM
		{242354C0-1808-4B14-92EB-58D21CCF4598}.Debug|ARM.Build.0 = Debug|ARM
		{242354C0-1808-4B14-92EB-58D21CCF4598}.Debug|ARM.Deploy.0 = Debug|ARM
		{242354C0-1808-4B14-92EB-58D21CCF4598}.Debug|ARM64.ActiveCfg = Debug|ARM64
		{242354C0-1808-4B14-92EB-58D21CCF4598}.Debug|ARM64.Build.0 = Debug|ARM64
		{242354C0-1808-4B14-92EB-58D21CCF4598}.Debug|ARM64.Deploy.0 = Debug|ARM64
		{242354C0-1808-4B14-92EB-58D21CCF4598}.Debug|iPhone.ActiveCfg = Debug|x86
		{242354C0-1808-4B14-92EB-58D21CCF4598}.Debug|iPhone.Build.0 = Debug|x86
		{242354C0-1808-4B14-92EB-58D21CCF4598}.Debug|iPhone.Deploy.0 = Debug|x86
		{242354C0-1808-4B14-92EB-58D21CCF4598}.Debug|iPhoneSimulator.ActiveCfg = Debug|x86
		{242354C0-1808-4B14-92EB-58D21CCF4598}.Debug|iPhoneSimulator.Build.0 = Debug|x86
		{242354C0-1808-4B14-92EB-58D21CCF4598}.Debug|iPhoneSimulator.Deploy.0 = Debug|x86
		{242354C0-1808-4B14-92EB-58D21CCF4598}.Debug|x64.ActiveCfg = Debug|x64
		{242354C0-1808-4B14-92EB-58D21CCF4598}.Debug|x64.Build.0 = Debug|x64
		{242354C0-1808-4B14-92EB-58D21CCF4598}.Debug|x64.Deploy.0 = Debug|x64
		{242354C0-1808-4B14-92EB-58D21CCF4598}.Debug|x86.ActiveCfg = Debug|x86
		{242354C0-1808-4B14-92EB-58D21CCF4598}.Debug|x86.Build.0 = Debug|x86
		{242354C0-1808-4B14-92EB-58D21CCF4598}.Debug|x86.Deploy.0 = Debug|x86
		{242354C0-1808-4B14-92EB-58D21CCF4598}.Release|Any CPU.ActiveCfg = Release|x86
		{242354C0-1808-4B14-92EB-58D21CCF4598}.Release|ARM.ActiveCfg = Release|ARM
		{242354C0-1808-4B14-92EB-58D21CCF4598}.Release|ARM.Build.0 = Release|ARM
		{242354C0-1808-4B14-92EB-58D21CCF4598}.Release|ARM.Deploy.0 = Release|ARM
		{242354C0-1808-4B14-92EB-58D21CCF4598}.Release|ARM64.ActiveCfg = Release|ARM64
		{242354C0-1808-4B14-92EB-58D21CCF4598}.Release|ARM64.Build.0 = Release|ARM64
		{242354C0-1808-4B14-92EB-58D21CCF4598}.Release|ARM64.Deploy.0 = Release|ARM64
		{242354C0-1808-4B14-92EB-58D21CCF4598}.Release|iPhone.ActiveCfg = Release|x86
		{242354C0-1808-4B14-92EB-58D21CCF4598}.Release|iPhone.Build.0 = Release|x86
		{242354C0-1808-4B14-92EB-58D21CCF4598}.Release|iPhoneSimulator.ActiveCfg = Release|x86
		{242354C0-1808-4B14-92EB-58D21CCF4598}.Release|iPhoneSimulator.Build.0 = Release|x86
		{242354C0-1808-4B14-92EB-58D21CCF4598}.Release|iPhoneSimulator.Deploy.0 = Release|x86
		{242354C0-1808-4B14-92EB-58D21CCF4598}.Release|x64.ActiveCfg = Release|x64
		{242354C0-1808-4B14-92EB-58D21CCF4598}.Release|x64.Build.0 = Release|x64
		{242354C0-1808-4B14-92EB-58D21CCF4598}.Release|x64.Deploy.0 = Release|x64
		{242354C0-1808-4B14-92EB-58D21CCF4598}.Release|x86.ActiveCfg = Release|x86
		{242354C0-1808-4B14-92EB-58D21CCF4598}.Release|x86.Build.0 = Release|x86
		{242354C0-1808-4B14-92EB-58D21CCF4598}.Release|x86.Deploy.0 = Release|x86
		{40EA03F7-8A22-4143-B251-79BAC3EB13D2}.Debug|Any CPU.ActiveCfg = Debug|Any CPU
		{40EA03F7-8A22-4143-B251-79BAC3EB13D2}.Debug|Any CPU.Build.0 = Debug|Any CPU
		{40EA03F7-8A22-4143-B251-79BAC3EB13D2}.Debug|ARM.ActiveCfg = Debug|Any CPU
		{40EA03F7-8A22-4143-B251-79BAC3EB13D2}.Debug|ARM.Build.0 = Debug|Any CPU
		{40EA03F7-8A22-4143-B251-79BAC3EB13D2}.Debug|ARM64.ActiveCfg = Debug|Any CPU
		{40EA03F7-8A22-4143-B251-79BAC3EB13D2}.Debug|ARM64.Build.0 = Debug|Any CPU
		{40EA03F7-8A22-4143-B251-79BAC3EB13D2}.Debug|iPhone.ActiveCfg = Debug|Any CPU
		{40EA03F7-8A22-4143-B251-79BAC3EB13D2}.Debug|iPhone.Build.0 = Debug|Any CPU
		{40EA03F7-8A22-4143-B251-79BAC3EB13D2}.Debug|iPhoneSimulator.ActiveCfg = Debug|Any CPU
		{40EA03F7-8A22-4143-B251-79BAC3EB13D2}.Debug|iPhoneSimulator.Build.0 = Debug|Any CPU
		{40EA03F7-8A22-4143-B251-79BAC3EB13D2}.Debug|x64.ActiveCfg = Debug|Any CPU
		{40EA03F7-8A22-4143-B251-79BAC3EB13D2}.Debug|x64.Build.0 = Debug|Any CPU
		{40EA03F7-8A22-4143-B251-79BAC3EB13D2}.Debug|x86.ActiveCfg = Debug|Any CPU
		{40EA03F7-8A22-4143-B251-79BAC3EB13D2}.Debug|x86.Build.0 = Debug|Any CPU
		{40EA03F7-8A22-4143-B251-79BAC3EB13D2}.Release|Any CPU.ActiveCfg = Release|Any CPU
		{40EA03F7-8A22-4143-B251-79BAC3EB13D2}.Release|Any CPU.Build.0 = Release|Any CPU
		{40EA03F7-8A22-4143-B251-79BAC3EB13D2}.Release|ARM.ActiveCfg = Release|Any CPU
		{40EA03F7-8A22-4143-B251-79BAC3EB13D2}.Release|ARM.Build.0 = Release|Any CPU
		{40EA03F7-8A22-4143-B251-79BAC3EB13D2}.Release|ARM64.ActiveCfg = Release|Any CPU
		{40EA03F7-8A22-4143-B251-79BAC3EB13D2}.Release|ARM64.Build.0 = Release|Any CPU
		{40EA03F7-8A22-4143-B251-79BAC3EB13D2}.Release|iPhone.ActiveCfg = Release|Any CPU
		{40EA03F7-8A22-4143-B251-79BAC3EB13D2}.Release|iPhone.Build.0 = Release|Any CPU
		{40EA03F7-8A22-4143-B251-79BAC3EB13D2}.Release|iPhoneSimulator.ActiveCfg = Release|Any CPU
		{40EA03F7-8A22-4143-B251-79BAC3EB13D2}.Release|iPhoneSimulator.Build.0 = Release|Any CPU
		{40EA03F7-8A22-4143-B251-79BAC3EB13D2}.Release|x64.ActiveCfg = Release|Any CPU
		{40EA03F7-8A22-4143-B251-79BAC3EB13D2}.Release|x64.Build.0 = Release|Any CPU
		{40EA03F7-8A22-4143-B251-79BAC3EB13D2}.Release|x86.ActiveCfg = Release|Any CPU
		{40EA03F7-8A22-4143-B251-79BAC3EB13D2}.Release|x86.Build.0 = Release|Any CPU
		{61E57F1C-698F-442E-BCC7-A567C89CFC24}.Debug|Any CPU.ActiveCfg = Debug|iPhoneSimulator
		{61E57F1C-698F-442E-BCC7-A567C89CFC24}.Debug|Any CPU.Build.0 = Debug|iPhoneSimulator
		{61E57F1C-698F-442E-BCC7-A567C89CFC24}.Debug|ARM.ActiveCfg = Debug|iPhoneSimulator
		{61E57F1C-698F-442E-BCC7-A567C89CFC24}.Debug|ARM64.ActiveCfg = Debug|iPhoneSimulator
		{61E57F1C-698F-442E-BCC7-A567C89CFC24}.Debug|iPhone.ActiveCfg = Debug|iPhoneSimulator
		{61E57F1C-698F-442E-BCC7-A567C89CFC24}.Debug|iPhone.Build.0 = Debug|iPhoneSimulator
		{61E57F1C-698F-442E-BCC7-A567C89CFC24}.Debug|iPhoneSimulator.ActiveCfg = Debug|iPhoneSimulator
		{61E57F1C-698F-442E-BCC7-A567C89CFC24}.Debug|iPhoneSimulator.Build.0 = Debug|iPhoneSimulator
		{61E57F1C-698F-442E-BCC7-A567C89CFC24}.Debug|x64.ActiveCfg = Debug|iPhoneSimulator
		{61E57F1C-698F-442E-BCC7-A567C89CFC24}.Debug|x64.Build.0 = Debug|iPhoneSimulator
		{61E57F1C-698F-442E-BCC7-A567C89CFC24}.Debug|x86.ActiveCfg = Debug|iPhoneSimulator
		{61E57F1C-698F-442E-BCC7-A567C89CFC24}.Debug|x86.Build.0 = Debug|iPhoneSimulator
		{61E57F1C-698F-442E-BCC7-A567C89CFC24}.Release|Any CPU.ActiveCfg = Release|iPhoneSimulator
		{61E57F1C-698F-442E-BCC7-A567C89CFC24}.Release|ARM.ActiveCfg = Release|iPhoneSimulator
		{61E57F1C-698F-442E-BCC7-A567C89CFC24}.Release|ARM64.ActiveCfg = Release|iPhoneSimulator
		{61E57F1C-698F-442E-BCC7-A567C89CFC24}.Release|iPhone.ActiveCfg = Release|iPhoneSimulator
		{61E57F1C-698F-442E-BCC7-A567C89CFC24}.Release|iPhone.Build.0 = Release|iPhoneSimulator
		{61E57F1C-698F-442E-BCC7-A567C89CFC24}.Release|iPhoneSimulator.ActiveCfg = Release|iPhoneSimulator
		{61E57F1C-698F-442E-BCC7-A567C89CFC24}.Release|iPhoneSimulator.Build.0 = Release|iPhoneSimulator
		{61E57F1C-698F-442E-BCC7-A567C89CFC24}.Release|x64.ActiveCfg = Release|iPhoneSimulator
		{61E57F1C-698F-442E-BCC7-A567C89CFC24}.Release|x64.Build.0 = Release|iPhoneSimulator
		{61E57F1C-698F-442E-BCC7-A567C89CFC24}.Release|x86.ActiveCfg = Release|iPhoneSimulator
		{61E57F1C-698F-442E-BCC7-A567C89CFC24}.Release|x86.Build.0 = Release|iPhoneSimulator
		{A5B8155A-118F-4794-B551-C6F3CF7E5411}.Debug|Any CPU.ActiveCfg = Debug|Any CPU
		{A5B8155A-118F-4794-B551-C6F3CF7E5411}.Debug|Any CPU.Build.0 = Debug|Any CPU
		{A5B8155A-118F-4794-B551-C6F3CF7E5411}.Debug|ARM.ActiveCfg = Debug|Any CPU
		{A5B8155A-118F-4794-B551-C6F3CF7E5411}.Debug|ARM.Build.0 = Debug|Any CPU
		{A5B8155A-118F-4794-B551-C6F3CF7E5411}.Debug|ARM64.ActiveCfg = Debug|Any CPU
		{A5B8155A-118F-4794-B551-C6F3CF7E5411}.Debug|ARM64.Build.0 = Debug|Any CPU
		{A5B8155A-118F-4794-B551-C6F3CF7E5411}.Debug|iPhone.ActiveCfg = Debug|Any CPU
		{A5B8155A-118F-4794-B551-C6F3CF7E5411}.Debug|iPhone.Build.0 = Debug|Any CPU
		{A5B8155A-118F-4794-B551-C6F3CF7E5411}.Debug|iPhoneSimulator.ActiveCfg = Debug|Any CPU
		{A5B8155A-118F-4794-B551-C6F3CF7E5411}.Debug|iPhoneSimulator.Build.0 = Debug|Any CPU
		{A5B8155A-118F-4794-B551-C6F3CF7E5411}.Debug|x64.ActiveCfg = Debug|Any CPU
		{A5B8155A-118F-4794-B551-C6F3CF7E5411}.Debug|x64.Build.0 = Debug|Any CPU
		{A5B8155A-118F-4794-B551-C6F3CF7E5411}.Debug|x86.ActiveCfg = Debug|Any CPU
		{A5B8155A-118F-4794-B551-C6F3CF7E5411}.Debug|x86.Build.0 = Debug|Any CPU
		{A5B8155A-118F-4794-B551-C6F3CF7E5411}.Release|Any CPU.ActiveCfg = Release|Any CPU
		{A5B8155A-118F-4794-B551-C6F3CF7E5411}.Release|Any CPU.Build.0 = Release|Any CPU
		{A5B8155A-118F-4794-B551-C6F3CF7E5411}.Release|ARM.ActiveCfg = Release|Any CPU
		{A5B8155A-118F-4794-B551-C6F3CF7E5411}.Release|ARM.Build.0 = Release|Any CPU
		{A5B8155A-118F-4794-B551-C6F3CF7E5411}.Release|ARM64.ActiveCfg = Release|Any CPU
		{A5B8155A-118F-4794-B551-C6F3CF7E5411}.Release|ARM64.Build.0 = Release|Any CPU
		{A5B8155A-118F-4794-B551-C6F3CF7E5411}.Release|iPhone.ActiveCfg = Release|Any CPU
		{A5B8155A-118F-4794-B551-C6F3CF7E5411}.Release|iPhone.Build.0 = Release|Any CPU
		{A5B8155A-118F-4794-B551-C6F3CF7E5411}.Release|iPhoneSimulator.ActiveCfg = Release|Any CPU
		{A5B8155A-118F-4794-B551-C6F3CF7E5411}.Release|iPhoneSimulator.Build.0 = Release|Any CPU
		{A5B8155A-118F-4794-B551-C6F3CF7E5411}.Release|x64.ActiveCfg = Release|Any CPU
		{A5B8155A-118F-4794-B551-C6F3CF7E5411}.Release|x64.Build.0 = Release|Any CPU
		{A5B8155A-118F-4794-B551-C6F3CF7E5411}.Release|x86.ActiveCfg = Release|Any CPU
		{A5B8155A-118F-4794-B551-C6F3CF7E5411}.Release|x86.Build.0 = Release|Any CPU
		{28B54D00-F84C-4818-91BA-307B4E6B2FD3}.Debug|Any CPU.ActiveCfg = Debug|Any CPU
		{28B54D00-F84C-4818-91BA-307B4E6B2FD3}.Debug|Any CPU.Build.0 = Debug|Any CPU
		{28B54D00-F84C-4818-91BA-307B4E6B2FD3}.Debug|Any CPU.Deploy.0 = Debug|Any CPU
		{28B54D00-F84C-4818-91BA-307B4E6B2FD3}.Debug|ARM.ActiveCfg = Debug|Any CPU
		{28B54D00-F84C-4818-91BA-307B4E6B2FD3}.Debug|ARM.Build.0 = Debug|Any CPU
		{28B54D00-F84C-4818-91BA-307B4E6B2FD3}.Debug|ARM.Deploy.0 = Debug|Any CPU
		{28B54D00-F84C-4818-91BA-307B4E6B2FD3}.Debug|ARM64.ActiveCfg = Debug|Any CPU
		{28B54D00-F84C-4818-91BA-307B4E6B2FD3}.Debug|ARM64.Build.0 = Debug|Any CPU
		{28B54D00-F84C-4818-91BA-307B4E6B2FD3}.Debug|ARM64.Deploy.0 = Debug|Any CPU
		{28B54D00-F84C-4818-91BA-307B4E6B2FD3}.Debug|iPhone.ActiveCfg = Debug|Any CPU
		{28B54D00-F84C-4818-91BA-307B4E6B2FD3}.Debug|iPhone.Build.0 = Debug|Any CPU
		{28B54D00-F84C-4818-91BA-307B4E6B2FD3}.Debug|iPhone.Deploy.0 = Debug|Any CPU
		{28B54D00-F84C-4818-91BA-307B4E6B2FD3}.Debug|iPhoneSimulator.ActiveCfg = Debug|Any CPU
		{28B54D00-F84C-4818-91BA-307B4E6B2FD3}.Debug|iPhoneSimulator.Build.0 = Debug|Any CPU
		{28B54D00-F84C-4818-91BA-307B4E6B2FD3}.Debug|iPhoneSimulator.Deploy.0 = Debug|Any CPU
		{28B54D00-F84C-4818-91BA-307B4E6B2FD3}.Debug|x64.ActiveCfg = Debug|Any CPU
		{28B54D00-F84C-4818-91BA-307B4E6B2FD3}.Debug|x64.Build.0 = Debug|Any CPU
		{28B54D00-F84C-4818-91BA-307B4E6B2FD3}.Debug|x64.Deploy.0 = Debug|Any CPU
		{28B54D00-F84C-4818-91BA-307B4E6B2FD3}.Debug|x86.ActiveCfg = Debug|Any CPU
		{28B54D00-F84C-4818-91BA-307B4E6B2FD3}.Debug|x86.Build.0 = Debug|Any CPU
		{28B54D00-F84C-4818-91BA-307B4E6B2FD3}.Debug|x86.Deploy.0 = Debug|Any CPU
		{28B54D00-F84C-4818-91BA-307B4E6B2FD3}.Release|Any CPU.ActiveCfg = Release|Any CPU
		{28B54D00-F84C-4818-91BA-307B4E6B2FD3}.Release|Any CPU.Build.0 = Release|Any CPU
		{28B54D00-F84C-4818-91BA-307B4E6B2FD3}.Release|ARM.ActiveCfg = Release|Any CPU
		{28B54D00-F84C-4818-91BA-307B4E6B2FD3}.Release|ARM.Build.0 = Release|Any CPU
		{28B54D00-F84C-4818-91BA-307B4E6B2FD3}.Release|ARM.Deploy.0 = Release|Any CPU
		{28B54D00-F84C-4818-91BA-307B4E6B2FD3}.Release|ARM64.ActiveCfg = Release|Any CPU
		{28B54D00-F84C-4818-91BA-307B4E6B2FD3}.Release|ARM64.Build.0 = Release|Any CPU
		{28B54D00-F84C-4818-91BA-307B4E6B2FD3}.Release|ARM64.Deploy.0 = Release|Any CPU
		{28B54D00-F84C-4818-91BA-307B4E6B2FD3}.Release|iPhone.ActiveCfg = Release|Any CPU
		{28B54D00-F84C-4818-91BA-307B4E6B2FD3}.Release|iPhone.Build.0 = Release|Any CPU
		{28B54D00-F84C-4818-91BA-307B4E6B2FD3}.Release|iPhoneSimulator.ActiveCfg = Release|Any CPU
		{28B54D00-F84C-4818-91BA-307B4E6B2FD3}.Release|iPhoneSimulator.Build.0 = Release|Any CPU
		{28B54D00-F84C-4818-91BA-307B4E6B2FD3}.Release|iPhoneSimulator.Deploy.0 = Release|Any CPU
		{28B54D00-F84C-4818-91BA-307B4E6B2FD3}.Release|x64.ActiveCfg = Release|Any CPU
		{28B54D00-F84C-4818-91BA-307B4E6B2FD3}.Release|x64.Build.0 = Release|Any CPU
		{28B54D00-F84C-4818-91BA-307B4E6B2FD3}.Release|x64.Deploy.0 = Release|Any CPU
		{28B54D00-F84C-4818-91BA-307B4E6B2FD3}.Release|x86.ActiveCfg = Release|Any CPU
		{28B54D00-F84C-4818-91BA-307B4E6B2FD3}.Release|x86.Build.0 = Release|Any CPU
		{28B54D00-F84C-4818-91BA-307B4E6B2FD3}.Release|x86.Deploy.0 = Release|Any CPU
		{6CF284A4-22B1-4F05-97F4-F095C07A598E}.Debug|Any CPU.ActiveCfg = Debug|Any CPU
		{6CF284A4-22B1-4F05-97F4-F095C07A598E}.Debug|Any CPU.Build.0 = Debug|Any CPU
		{6CF284A4-22B1-4F05-97F4-F095C07A598E}.Debug|ARM.ActiveCfg = Debug|Any CPU
		{6CF284A4-22B1-4F05-97F4-F095C07A598E}.Debug|ARM.Build.0 = Debug|Any CPU
		{6CF284A4-22B1-4F05-97F4-F095C07A598E}.Debug|ARM64.ActiveCfg = Debug|Any CPU
		{6CF284A4-22B1-4F05-97F4-F095C07A598E}.Debug|ARM64.Build.0 = Debug|Any CPU
		{6CF284A4-22B1-4F05-97F4-F095C07A598E}.Debug|iPhone.ActiveCfg = Debug|Any CPU
		{6CF284A4-22B1-4F05-97F4-F095C07A598E}.Debug|iPhone.Build.0 = Debug|Any CPU
		{6CF284A4-22B1-4F05-97F4-F095C07A598E}.Debug|iPhoneSimulator.ActiveCfg = Debug|Any CPU
		{6CF284A4-22B1-4F05-97F4-F095C07A598E}.Debug|iPhoneSimulator.Build.0 = Debug|Any CPU
		{6CF284A4-22B1-4F05-97F4-F095C07A598E}.Debug|x64.ActiveCfg = Debug|Any CPU
		{6CF284A4-22B1-4F05-97F4-F095C07A598E}.Debug|x64.Build.0 = Debug|Any CPU
		{6CF284A4-22B1-4F05-97F4-F095C07A598E}.Debug|x86.ActiveCfg = Debug|Any CPU
		{6CF284A4-22B1-4F05-97F4-F095C07A598E}.Debug|x86.Build.0 = Debug|Any CPU
		{6CF284A4-22B1-4F05-97F4-F095C07A598E}.Release|Any CPU.ActiveCfg = Release|Any CPU
		{6CF284A4-22B1-4F05-97F4-F095C07A598E}.Release|Any CPU.Build.0 = Release|Any CPU
		{6CF284A4-22B1-4F05-97F4-F095C07A598E}.Release|ARM.ActiveCfg = Release|Any CPU
		{6CF284A4-22B1-4F05-97F4-F095C07A598E}.Release|ARM.Build.0 = Release|Any CPU
		{6CF284A4-22B1-4F05-97F4-F095C07A598E}.Release|ARM64.ActiveCfg = Release|Any CPU
		{6CF284A4-22B1-4F05-97F4-F095C07A598E}.Release|ARM64.Build.0 = Release|Any CPU
		{6CF284A4-22B1-4F05-97F4-F095C07A598E}.Release|iPhone.ActiveCfg = Release|Any CPU
		{6CF284A4-22B1-4F05-97F4-F095C07A598E}.Release|iPhone.Build.0 = Release|Any CPU
		{6CF284A4-22B1-4F05-97F4-F095C07A598E}.Release|iPhoneSimulator.ActiveCfg = Release|Any CPU
		{6CF284A4-22B1-4F05-97F4-F095C07A598E}.Release|iPhoneSimulator.Build.0 = Release|Any CPU
		{6CF284A4-22B1-4F05-97F4-F095C07A598E}.Release|x64.ActiveCfg = Release|Any CPU
		{6CF284A4-22B1-4F05-97F4-F095C07A598E}.Release|x64.Build.0 = Release|Any CPU
		{6CF284A4-22B1-4F05-97F4-F095C07A598E}.Release|x86.ActiveCfg = Release|Any CPU
		{6CF284A4-22B1-4F05-97F4-F095C07A598E}.Release|x86.Build.0 = Release|Any CPU
		{9AED22A6-77DC-4799-BAE7-5F26F2070BD2}.Debug|Any CPU.ActiveCfg = Debug|Any CPU
		{9AED22A6-77DC-4799-BAE7-5F26F2070BD2}.Debug|Any CPU.Build.0 = Debug|Any CPU
		{9AED22A6-77DC-4799-BAE7-5F26F2070BD2}.Debug|ARM.ActiveCfg = Debug|Any CPU
		{9AED22A6-77DC-4799-BAE7-5F26F2070BD2}.Debug|ARM.Build.0 = Debug|Any CPU
		{9AED22A6-77DC-4799-BAE7-5F26F2070BD2}.Debug|ARM64.ActiveCfg = Debug|Any CPU
		{9AED22A6-77DC-4799-BAE7-5F26F2070BD2}.Debug|ARM64.Build.0 = Debug|Any CPU
		{9AED22A6-77DC-4799-BAE7-5F26F2070BD2}.Debug|iPhone.ActiveCfg = Debug|Any CPU
		{9AED22A6-77DC-4799-BAE7-5F26F2070BD2}.Debug|iPhone.Build.0 = Debug|Any CPU
		{9AED22A6-77DC-4799-BAE7-5F26F2070BD2}.Debug|iPhoneSimulator.ActiveCfg = Debug|Any CPU
		{9AED22A6-77DC-4799-BAE7-5F26F2070BD2}.Debug|iPhoneSimulator.Build.0 = Debug|Any CPU
		{9AED22A6-77DC-4799-BAE7-5F26F2070BD2}.Debug|x64.ActiveCfg = Debug|Any CPU
		{9AED22A6-77DC-4799-BAE7-5F26F2070BD2}.Debug|x64.Build.0 = Debug|Any CPU
		{9AED22A6-77DC-4799-BAE7-5F26F2070BD2}.Debug|x86.ActiveCfg = Debug|Any CPU
		{9AED22A6-77DC-4799-BAE7-5F26F2070BD2}.Debug|x86.Build.0 = Debug|Any CPU
		{9AED22A6-77DC-4799-BAE7-5F26F2070BD2}.Release|Any CPU.ActiveCfg = Release|Any CPU
		{9AED22A6-77DC-4799-BAE7-5F26F2070BD2}.Release|Any CPU.Build.0 = Release|Any CPU
		{9AED22A6-77DC-4799-BAE7-5F26F2070BD2}.Release|ARM.ActiveCfg = Release|Any CPU
		{9AED22A6-77DC-4799-BAE7-5F26F2070BD2}.Release|ARM.Build.0 = Release|Any CPU
		{9AED22A6-77DC-4799-BAE7-5F26F2070BD2}.Release|ARM64.ActiveCfg = Release|Any CPU
		{9AED22A6-77DC-4799-BAE7-5F26F2070BD2}.Release|ARM64.Build.0 = Release|Any CPU
		{9AED22A6-77DC-4799-BAE7-5F26F2070BD2}.Release|iPhone.ActiveCfg = Release|Any CPU
		{9AED22A6-77DC-4799-BAE7-5F26F2070BD2}.Release|iPhone.Build.0 = Release|Any CPU
		{9AED22A6-77DC-4799-BAE7-5F26F2070BD2}.Release|iPhoneSimulator.ActiveCfg = Release|Any CPU
		{9AED22A6-77DC-4799-BAE7-5F26F2070BD2}.Release|iPhoneSimulator.Build.0 = Release|Any CPU
		{9AED22A6-77DC-4799-BAE7-5F26F2070BD2}.Release|x64.ActiveCfg = Release|Any CPU
		{9AED22A6-77DC-4799-BAE7-5F26F2070BD2}.Release|x64.Build.0 = Release|Any CPU
		{9AED22A6-77DC-4799-BAE7-5F26F2070BD2}.Release|x86.ActiveCfg = Release|Any CPU
		{9AED22A6-77DC-4799-BAE7-5F26F2070BD2}.Release|x86.Build.0 = Release|Any CPU
	EndGlobalSection
	GlobalSection(SolutionProperties) = preSolution
		HideSolutionNode = FALSE
	EndGlobalSection
	GlobalSection(ExtensibilityGlobals) = postSolution
		SolutionGuid = {C7433AE2-B1A0-4C1A-887E-5CAA7AAF67A6}
	EndGlobalSection
EndGlobal
