
Microsoft Visual Studio Solution File, Format Version 12.00
# Visual Studio Version 16
VisualStudioVersion = 16.0.29001.49
MinimumVisualStudioVersion = 10.0.40219.1
Project("{FAE04EC0-301F-11D3-BF4B-00C04F79EFBC}") = "UWPCommunity", "UWPCommunity\UWPCommunity.csproj", "{559EFE6D-BA32-4B8D-99D7-370894E2142D}"
EndProject
Project("{9A19103F-16F7-4668-BE54-9A1E7A4F7556}") = "UWPCommLib", "UWPCommLib\UWPCommLib.csproj", "{77F56184-FB16-4757-BB79-0885AE7B5494}"
EndProject
Project("{D954291E-2A0B-460D-934E-DC6B0785DB48}") = "UWPCommunityApp.Shared", "UWPCommunityApp\UWPCommunityApp.Shared\UWPCommunityApp.Shared.shproj", "{6279C845-92F8-4333-AB99-3D213163593C}"
EndProject
Project("{FAE04EC0-301F-11D3-BF4B-00C04F79EFBC}") = "UWPCommunityApp.Droid", "UWPCommunityApp\UWPCommunityApp.Droid\UWPCommunityApp.Droid.csproj", "{41CAEA59-5A47-4F27-96F3-CE91D7E493DA}"
EndProject
Project("{FAE04EC0-301F-11D3-BF4B-00C04F79EFBC}") = "UWPCommunityApp.iOS", "UWPCommunityApp\UWPCommunityApp.iOS\UWPCommunityApp.iOS.csproj", "{B2DB80A2-08A9-44F0-9263-B38762A346CC}"
EndProject
Project("{FAE04EC0-301F-11D3-BF4B-00C04F79EFBC}") = "UWPCommunityApp.UWP", "UWPCommunityApp\UWPCommunityApp.UWP\UWPCommunityApp.UWP.csproj", "{25038C7B-5B73-4C3B-A3A0-3D47B22FD183}"
EndProject
Project("{FAE04EC0-301F-11D3-BF4B-00C04F79EFBC}") = "UWPCommunityApp.Wasm", "UWPCommunityApp\UWPCommunityApp.Wasm\UWPCommunityApp.Wasm.csproj", "{5F2B5FF2-74A2-4A3D-89B1-8FF84BAB6703}"
EndProject
Project("{FAE04EC0-301F-11D3-BF4B-00C04F79EFBC}") = "UWPCommunityApp.macOS", "UWPCommunityApp\UWPCommunityApp.macOS\UWPCommunityApp.macOS.csproj", "{8F213001-940C-4B18-B0A5-BCA73E25468D}"
EndProject
Global
	GlobalSection(SharedMSBuildProjectFiles) = preSolution
		UWPCommunityApp\UWPCommunityApp.Shared\UWPCommunityApp.Shared.projitems*{25038c7b-5b73-4c3b-a3a0-3d47b22fd183}*SharedItemsImports = 4
		UWPCommunityApp\UWPCommunityApp.Shared\UWPCommunityApp.Shared.projitems*{41caea59-5a47-4f27-96f3-ce91d7e493da}*SharedItemsImports = 4
		UWPCommunityApp\UWPCommunityApp.Shared\UWPCommunityApp.Shared.projitems*{5f2b5ff2-74a2-4a3d-89b1-8ff84bab6703}*SharedItemsImports = 5
		UWPCommunityApp\UWPCommunityApp.Shared\UWPCommunityApp.Shared.projitems*{6279c845-92f8-4333-ab99-3d213163593c}*SharedItemsImports = 13
		UWPCommunityApp\UWPCommunityApp.Shared\UWPCommunityApp.Shared.projitems*{8f213001-940c-4b18-b0a5-bca73e25468d}*SharedItemsImports = 4
		UWPCommunityApp\UWPCommunityApp.Shared\UWPCommunityApp.Shared.projitems*{b2db80a2-08a9-44f0-9263-b38762a346cc}*SharedItemsImports = 4
	EndGlobalSection
	GlobalSection(SolutionConfigurationPlatforms) = preSolution
		Ad-Hoc|Any CPU = Ad-Hoc|Any CPU
		Ad-Hoc|ARM = Ad-Hoc|ARM
		Ad-Hoc|ARM64 = Ad-Hoc|ARM64
		Ad-Hoc|iPhone = Ad-Hoc|iPhone
		Ad-Hoc|iPhoneSimulator = Ad-Hoc|iPhoneSimulator
		Ad-Hoc|x64 = Ad-Hoc|x64
		Ad-Hoc|x86 = Ad-Hoc|x86
		AppStore|Any CPU = AppStore|Any CPU
		AppStore|ARM = AppStore|ARM
		AppStore|ARM64 = AppStore|ARM64
		AppStore|iPhone = AppStore|iPhone
		AppStore|iPhoneSimulator = AppStore|iPhoneSimulator
		AppStore|x64 = AppStore|x64
		AppStore|x86 = AppStore|x86
		Debug|Any CPU = Debug|Any CPU
		Debug|ARM = Debug|ARM
		Debug|ARM64 = Debug|ARM64
		Debug|iPhone = Debug|iPhone
		Debug|iPhoneSimulator = Debug|iPhoneSimulator
		Debug|x64 = Debug|x64
		Debug|x86 = Debug|x86
		Release|Any CPU = Release|Any CPU
		Release|ARM = Release|ARM
		Release|ARM64 = Release|ARM64
		Release|iPhone = Release|iPhone
		Release|iPhoneSimulator = Release|iPhoneSimulator
		Release|x64 = Release|x64
		Release|x86 = Release|x86
	EndGlobalSection
	GlobalSection(ProjectConfigurationPlatforms) = postSolution
		{559EFE6D-BA32-4B8D-99D7-370894E2142D}.Ad-Hoc|Any CPU.ActiveCfg = Release|x64
		{559EFE6D-BA32-4B8D-99D7-370894E2142D}.Ad-Hoc|Any CPU.Build.0 = Release|x64
		{559EFE6D-BA32-4B8D-99D7-370894E2142D}.Ad-Hoc|Any CPU.Deploy.0 = Release|x64
		{559EFE6D-BA32-4B8D-99D7-370894E2142D}.Ad-Hoc|ARM.ActiveCfg = Release|ARM
		{559EFE6D-BA32-4B8D-99D7-370894E2142D}.Ad-Hoc|ARM.Build.0 = Release|ARM
		{559EFE6D-BA32-4B8D-99D7-370894E2142D}.Ad-Hoc|ARM.Deploy.0 = Release|ARM
		{559EFE6D-BA32-4B8D-99D7-370894E2142D}.Ad-Hoc|ARM64.ActiveCfg = Release|ARM64
		{559EFE6D-BA32-4B8D-99D7-370894E2142D}.Ad-Hoc|ARM64.Build.0 = Release|ARM64
		{559EFE6D-BA32-4B8D-99D7-370894E2142D}.Ad-Hoc|ARM64.Deploy.0 = Release|ARM64
		{559EFE6D-BA32-4B8D-99D7-370894E2142D}.Ad-Hoc|iPhone.ActiveCfg = Release|x64
		{559EFE6D-BA32-4B8D-99D7-370894E2142D}.Ad-Hoc|iPhone.Build.0 = Release|x64
		{559EFE6D-BA32-4B8D-99D7-370894E2142D}.Ad-Hoc|iPhone.Deploy.0 = Release|x64
		{559EFE6D-BA32-4B8D-99D7-370894E2142D}.Ad-Hoc|iPhoneSimulator.ActiveCfg = Release|x64
		{559EFE6D-BA32-4B8D-99D7-370894E2142D}.Ad-Hoc|iPhoneSimulator.Build.0 = Release|x64
		{559EFE6D-BA32-4B8D-99D7-370894E2142D}.Ad-Hoc|iPhoneSimulator.Deploy.0 = Release|x64
		{559EFE6D-BA32-4B8D-99D7-370894E2142D}.Ad-Hoc|x64.ActiveCfg = Release|x64
		{559EFE6D-BA32-4B8D-99D7-370894E2142D}.Ad-Hoc|x64.Build.0 = Release|x64
		{559EFE6D-BA32-4B8D-99D7-370894E2142D}.Ad-Hoc|x64.Deploy.0 = Release|x64
		{559EFE6D-BA32-4B8D-99D7-370894E2142D}.Ad-Hoc|x86.ActiveCfg = Release|x86
		{559EFE6D-BA32-4B8D-99D7-370894E2142D}.Ad-Hoc|x86.Build.0 = Release|x86
		{559EFE6D-BA32-4B8D-99D7-370894E2142D}.Ad-Hoc|x86.Deploy.0 = Release|x86
		{559EFE6D-BA32-4B8D-99D7-370894E2142D}.AppStore|Any CPU.ActiveCfg = Release|x64
		{559EFE6D-BA32-4B8D-99D7-370894E2142D}.AppStore|Any CPU.Build.0 = Release|x64
		{559EFE6D-BA32-4B8D-99D7-370894E2142D}.AppStore|Any CPU.Deploy.0 = Release|x64
		{559EFE6D-BA32-4B8D-99D7-370894E2142D}.AppStore|ARM.ActiveCfg = Release|ARM
		{559EFE6D-BA32-4B8D-99D7-370894E2142D}.AppStore|ARM.Build.0 = Release|ARM
		{559EFE6D-BA32-4B8D-99D7-370894E2142D}.AppStore|ARM.Deploy.0 = Release|ARM
		{559EFE6D-BA32-4B8D-99D7-370894E2142D}.AppStore|ARM64.ActiveCfg = Release|ARM64
		{559EFE6D-BA32-4B8D-99D7-370894E2142D}.AppStore|ARM64.Build.0 = Release|ARM64
		{559EFE6D-BA32-4B8D-99D7-370894E2142D}.AppStore|ARM64.Deploy.0 = Release|ARM64
		{559EFE6D-BA32-4B8D-99D7-370894E2142D}.AppStore|iPhone.ActiveCfg = Release|x64
		{559EFE6D-BA32-4B8D-99D7-370894E2142D}.AppStore|iPhone.Build.0 = Release|x64
		{559EFE6D-BA32-4B8D-99D7-370894E2142D}.AppStore|iPhone.Deploy.0 = Release|x64
		{559EFE6D-BA32-4B8D-99D7-370894E2142D}.AppStore|iPhoneSimulator.ActiveCfg = Release|x64
		{559EFE6D-BA32-4B8D-99D7-370894E2142D}.AppStore|iPhoneSimulator.Build.0 = Release|x64
		{559EFE6D-BA32-4B8D-99D7-370894E2142D}.AppStore|iPhoneSimulator.Deploy.0 = Release|x64
		{559EFE6D-BA32-4B8D-99D7-370894E2142D}.AppStore|x64.ActiveCfg = Release|x64
		{559EFE6D-BA32-4B8D-99D7-370894E2142D}.AppStore|x64.Build.0 = Release|x64
		{559EFE6D-BA32-4B8D-99D7-370894E2142D}.AppStore|x64.Deploy.0 = Release|x64
		{559EFE6D-BA32-4B8D-99D7-370894E2142D}.AppStore|x86.ActiveCfg = Release|x86
		{559EFE6D-BA32-4B8D-99D7-370894E2142D}.AppStore|x86.Build.0 = Release|x86
		{559EFE6D-BA32-4B8D-99D7-370894E2142D}.AppStore|x86.Deploy.0 = Release|x86
		{559EFE6D-BA32-4B8D-99D7-370894E2142D}.Debug|Any CPU.ActiveCfg = Debug|x86
		{559EFE6D-BA32-4B8D-99D7-370894E2142D}.Debug|ARM.ActiveCfg = Debug|ARM
		{559EFE6D-BA32-4B8D-99D7-370894E2142D}.Debug|ARM.Build.0 = Debug|ARM
		{559EFE6D-BA32-4B8D-99D7-370894E2142D}.Debug|ARM.Deploy.0 = Debug|ARM
		{559EFE6D-BA32-4B8D-99D7-370894E2142D}.Debug|ARM64.ActiveCfg = Debug|ARM64
		{559EFE6D-BA32-4B8D-99D7-370894E2142D}.Debug|ARM64.Build.0 = Debug|ARM64
		{559EFE6D-BA32-4B8D-99D7-370894E2142D}.Debug|ARM64.Deploy.0 = Debug|ARM64
		{559EFE6D-BA32-4B8D-99D7-370894E2142D}.Debug|iPhone.ActiveCfg = Debug|x86
		{559EFE6D-BA32-4B8D-99D7-370894E2142D}.Debug|iPhoneSimulator.ActiveCfg = Debug|x86
		{559EFE6D-BA32-4B8D-99D7-370894E2142D}.Debug|x64.ActiveCfg = Debug|x64
		{559EFE6D-BA32-4B8D-99D7-370894E2142D}.Debug|x64.Build.0 = Debug|x64
		{559EFE6D-BA32-4B8D-99D7-370894E2142D}.Debug|x64.Deploy.0 = Debug|x64
		{559EFE6D-BA32-4B8D-99D7-370894E2142D}.Debug|x86.ActiveCfg = Debug|x86
		{559EFE6D-BA32-4B8D-99D7-370894E2142D}.Debug|x86.Build.0 = Debug|x86
		{559EFE6D-BA32-4B8D-99D7-370894E2142D}.Debug|x86.Deploy.0 = Debug|x86
		{559EFE6D-BA32-4B8D-99D7-370894E2142D}.Release|Any CPU.ActiveCfg = Release|x86
		{559EFE6D-BA32-4B8D-99D7-370894E2142D}.Release|ARM.ActiveCfg = Release|ARM
		{559EFE6D-BA32-4B8D-99D7-370894E2142D}.Release|ARM.Build.0 = Release|ARM
		{559EFE6D-BA32-4B8D-99D7-370894E2142D}.Release|ARM.Deploy.0 = Release|ARM
		{559EFE6D-BA32-4B8D-99D7-370894E2142D}.Release|ARM64.ActiveCfg = Release|ARM64
		{559EFE6D-BA32-4B8D-99D7-370894E2142D}.Release|ARM64.Build.0 = Release|ARM64
		{559EFE6D-BA32-4B8D-99D7-370894E2142D}.Release|ARM64.Deploy.0 = Release|ARM64
		{559EFE6D-BA32-4B8D-99D7-370894E2142D}.Release|iPhone.ActiveCfg = Release|x86
		{559EFE6D-BA32-4B8D-99D7-370894E2142D}.Release|iPhoneSimulator.ActiveCfg = Release|x86
		{559EFE6D-BA32-4B8D-99D7-370894E2142D}.Release|x64.ActiveCfg = Release|x64
		{559EFE6D-BA32-4B8D-99D7-370894E2142D}.Release|x64.Build.0 = Release|x64
		{559EFE6D-BA32-4B8D-99D7-370894E2142D}.Release|x64.Deploy.0 = Release|x64
		{559EFE6D-BA32-4B8D-99D7-370894E2142D}.Release|x86.ActiveCfg = Release|x86
		{559EFE6D-BA32-4B8D-99D7-370894E2142D}.Release|x86.Build.0 = Release|x86
		{559EFE6D-BA32-4B8D-99D7-370894E2142D}.Release|x86.Deploy.0 = Release|x86
		{77F56184-FB16-4757-BB79-0885AE7B5494}.Ad-Hoc|Any CPU.ActiveCfg = Release|Any CPU
		{77F56184-FB16-4757-BB79-0885AE7B5494}.Ad-Hoc|Any CPU.Build.0 = Release|Any CPU
		{77F56184-FB16-4757-BB79-0885AE7B5494}.Ad-Hoc|ARM.ActiveCfg = Release|Any CPU
		{77F56184-FB16-4757-BB79-0885AE7B5494}.Ad-Hoc|ARM.Build.0 = Release|Any CPU
		{77F56184-FB16-4757-BB79-0885AE7B5494}.Ad-Hoc|ARM64.ActiveCfg = Release|Any CPU
		{77F56184-FB16-4757-BB79-0885AE7B5494}.Ad-Hoc|ARM64.Build.0 = Release|Any CPU
		{77F56184-FB16-4757-BB79-0885AE7B5494}.Ad-Hoc|iPhone.ActiveCfg = Release|Any CPU
		{77F56184-FB16-4757-BB79-0885AE7B5494}.Ad-Hoc|iPhone.Build.0 = Release|Any CPU
		{77F56184-FB16-4757-BB79-0885AE7B5494}.Ad-Hoc|iPhoneSimulator.ActiveCfg = Release|Any CPU
		{77F56184-FB16-4757-BB79-0885AE7B5494}.Ad-Hoc|iPhoneSimulator.Build.0 = Release|Any CPU
		{77F56184-FB16-4757-BB79-0885AE7B5494}.Ad-Hoc|x64.ActiveCfg = Release|Any CPU
		{77F56184-FB16-4757-BB79-0885AE7B5494}.Ad-Hoc|x64.Build.0 = Release|Any CPU
		{77F56184-FB16-4757-BB79-0885AE7B5494}.Ad-Hoc|x86.ActiveCfg = Release|Any CPU
		{77F56184-FB16-4757-BB79-0885AE7B5494}.Ad-Hoc|x86.Build.0 = Release|Any CPU
		{77F56184-FB16-4757-BB79-0885AE7B5494}.AppStore|Any CPU.ActiveCfg = Release|Any CPU
		{77F56184-FB16-4757-BB79-0885AE7B5494}.AppStore|Any CPU.Build.0 = Release|Any CPU
		{77F56184-FB16-4757-BB79-0885AE7B5494}.AppStore|ARM.ActiveCfg = Release|Any CPU
		{77F56184-FB16-4757-BB79-0885AE7B5494}.AppStore|ARM.Build.0 = Release|Any CPU
		{77F56184-FB16-4757-BB79-0885AE7B5494}.AppStore|ARM64.ActiveCfg = Release|Any CPU
		{77F56184-FB16-4757-BB79-0885AE7B5494}.AppStore|ARM64.Build.0 = Release|Any CPU
		{77F56184-FB16-4757-BB79-0885AE7B5494}.AppStore|iPhone.ActiveCfg = Release|Any CPU
		{77F56184-FB16-4757-BB79-0885AE7B5494}.AppStore|iPhone.Build.0 = Release|Any CPU
		{77F56184-FB16-4757-BB79-0885AE7B5494}.AppStore|iPhoneSimulator.ActiveCfg = Release|Any CPU
		{77F56184-FB16-4757-BB79-0885AE7B5494}.AppStore|iPhoneSimulator.Build.0 = Release|Any CPU
		{77F56184-FB16-4757-BB79-0885AE7B5494}.AppStore|x64.ActiveCfg = Release|Any CPU
		{77F56184-FB16-4757-BB79-0885AE7B5494}.AppStore|x64.Build.0 = Release|Any CPU
		{77F56184-FB16-4757-BB79-0885AE7B5494}.AppStore|x86.ActiveCfg = Release|Any CPU
		{77F56184-FB16-4757-BB79-0885AE7B5494}.AppStore|x86.Build.0 = Release|Any CPU
		{77F56184-FB16-4757-BB79-0885AE7B5494}.Debug|Any CPU.ActiveCfg = Debug|Any CPU
		{77F56184-FB16-4757-BB79-0885AE7B5494}.Debug|Any CPU.Build.0 = Debug|Any CPU
		{77F56184-FB16-4757-BB79-0885AE7B5494}.Debug|ARM.ActiveCfg = Debug|Any CPU
		{77F56184-FB16-4757-BB79-0885AE7B5494}.Debug|ARM.Build.0 = Debug|Any CPU
		{77F56184-FB16-4757-BB79-0885AE7B5494}.Debug|ARM64.ActiveCfg = Debug|Any CPU
		{77F56184-FB16-4757-BB79-0885AE7B5494}.Debug|ARM64.Build.0 = Debug|Any CPU
		{77F56184-FB16-4757-BB79-0885AE7B5494}.Debug|iPhone.ActiveCfg = Debug|Any CPU
		{77F56184-FB16-4757-BB79-0885AE7B5494}.Debug|iPhone.Build.0 = Debug|Any CPU
		{77F56184-FB16-4757-BB79-0885AE7B5494}.Debug|iPhoneSimulator.ActiveCfg = Debug|Any CPU
		{77F56184-FB16-4757-BB79-0885AE7B5494}.Debug|iPhoneSimulator.Build.0 = Debug|Any CPU
		{77F56184-FB16-4757-BB79-0885AE7B5494}.Debug|x64.ActiveCfg = Debug|Any CPU
		{77F56184-FB16-4757-BB79-0885AE7B5494}.Debug|x64.Build.0 = Debug|Any CPU
		{77F56184-FB16-4757-BB79-0885AE7B5494}.Debug|x86.ActiveCfg = Debug|Any CPU
		{77F56184-FB16-4757-BB79-0885AE7B5494}.Debug|x86.Build.0 = Debug|Any CPU
		{77F56184-FB16-4757-BB79-0885AE7B5494}.Release|Any CPU.ActiveCfg = Release|Any CPU
		{77F56184-FB16-4757-BB79-0885AE7B5494}.Release|Any CPU.Build.0 = Release|Any CPU
		{77F56184-FB16-4757-BB79-0885AE7B5494}.Release|ARM.ActiveCfg = Release|Any CPU
		{77F56184-FB16-4757-BB79-0885AE7B5494}.Release|ARM.Build.0 = Release|Any CPU
		{77F56184-FB16-4757-BB79-0885AE7B5494}.Release|ARM64.ActiveCfg = Release|Any CPU
		{77F56184-FB16-4757-BB79-0885AE7B5494}.Release|ARM64.Build.0 = Release|Any CPU
		{77F56184-FB16-4757-BB79-0885AE7B5494}.Release|iPhone.ActiveCfg = Release|Any CPU
		{77F56184-FB16-4757-BB79-0885AE7B5494}.Release|iPhone.Build.0 = Release|Any CPU
		{77F56184-FB16-4757-BB79-0885AE7B5494}.Release|iPhoneSimulator.ActiveCfg = Release|Any CPU
		{77F56184-FB16-4757-BB79-0885AE7B5494}.Release|iPhoneSimulator.Build.0 = Release|Any CPU
		{77F56184-FB16-4757-BB79-0885AE7B5494}.Release|x64.ActiveCfg = Release|Any CPU
		{77F56184-FB16-4757-BB79-0885AE7B5494}.Release|x64.Build.0 = Release|Any CPU
		{77F56184-FB16-4757-BB79-0885AE7B5494}.Release|x86.ActiveCfg = Release|Any CPU
		{77F56184-FB16-4757-BB79-0885AE7B5494}.Release|x86.Build.0 = Release|Any CPU
		{41CAEA59-5A47-4F27-96F3-CE91D7E493DA}.Ad-Hoc|Any CPU.ActiveCfg = Release|Any CPU
		{41CAEA59-5A47-4F27-96F3-CE91D7E493DA}.Ad-Hoc|Any CPU.Build.0 = Release|Any CPU
		{41CAEA59-5A47-4F27-96F3-CE91D7E493DA}.Ad-Hoc|Any CPU.Deploy.0 = Release|Any CPU
		{41CAEA59-5A47-4F27-96F3-CE91D7E493DA}.Ad-Hoc|ARM.ActiveCfg = Release|Any CPU
		{41CAEA59-5A47-4F27-96F3-CE91D7E493DA}.Ad-Hoc|ARM.Build.0 = Release|Any CPU
		{41CAEA59-5A47-4F27-96F3-CE91D7E493DA}.Ad-Hoc|ARM.Deploy.0 = Release|Any CPU
		{41CAEA59-5A47-4F27-96F3-CE91D7E493DA}.Ad-Hoc|ARM64.ActiveCfg = Release|Any CPU
		{41CAEA59-5A47-4F27-96F3-CE91D7E493DA}.Ad-Hoc|ARM64.Build.0 = Release|Any CPU
		{41CAEA59-5A47-4F27-96F3-CE91D7E493DA}.Ad-Hoc|ARM64.Deploy.0 = Release|Any CPU
		{41CAEA59-5A47-4F27-96F3-CE91D7E493DA}.Ad-Hoc|iPhone.ActiveCfg = Release|Any CPU
		{41CAEA59-5A47-4F27-96F3-CE91D7E493DA}.Ad-Hoc|iPhone.Build.0 = Release|Any CPU
		{41CAEA59-5A47-4F27-96F3-CE91D7E493DA}.Ad-Hoc|iPhone.Deploy.0 = Release|Any CPU
		{41CAEA59-5A47-4F27-96F3-CE91D7E493DA}.Ad-Hoc|iPhoneSimulator.ActiveCfg = Release|Any CPU
		{41CAEA59-5A47-4F27-96F3-CE91D7E493DA}.Ad-Hoc|iPhoneSimulator.Build.0 = Release|Any CPU
		{41CAEA59-5A47-4F27-96F3-CE91D7E493DA}.Ad-Hoc|iPhoneSimulator.Deploy.0 = Release|Any CPU
		{41CAEA59-5A47-4F27-96F3-CE91D7E493DA}.Ad-Hoc|x64.ActiveCfg = Release|Any CPU
		{41CAEA59-5A47-4F27-96F3-CE91D7E493DA}.Ad-Hoc|x64.Build.0 = Release|Any CPU
		{41CAEA59-5A47-4F27-96F3-CE91D7E493DA}.Ad-Hoc|x64.Deploy.0 = Release|Any CPU
		{41CAEA59-5A47-4F27-96F3-CE91D7E493DA}.Ad-Hoc|x86.ActiveCfg = Release|Any CPU
		{41CAEA59-5A47-4F27-96F3-CE91D7E493DA}.Ad-Hoc|x86.Build.0 = Release|Any CPU
		{41CAEA59-5A47-4F27-96F3-CE91D7E493DA}.Ad-Hoc|x86.Deploy.0 = Release|Any CPU
		{41CAEA59-5A47-4F27-96F3-CE91D7E493DA}.AppStore|Any CPU.ActiveCfg = Release|Any CPU
		{41CAEA59-5A47-4F27-96F3-CE91D7E493DA}.AppStore|Any CPU.Build.0 = Release|Any CPU
		{41CAEA59-5A47-4F27-96F3-CE91D7E493DA}.AppStore|Any CPU.Deploy.0 = Release|Any CPU
		{41CAEA59-5A47-4F27-96F3-CE91D7E493DA}.AppStore|ARM.ActiveCfg = Release|Any CPU
		{41CAEA59-5A47-4F27-96F3-CE91D7E493DA}.AppStore|ARM.Build.0 = Release|Any CPU
		{41CAEA59-5A47-4F27-96F3-CE91D7E493DA}.AppStore|ARM.Deploy.0 = Release|Any CPU
		{41CAEA59-5A47-4F27-96F3-CE91D7E493DA}.AppStore|ARM64.ActiveCfg = Release|Any CPU
		{41CAEA59-5A47-4F27-96F3-CE91D7E493DA}.AppStore|ARM64.Build.0 = Release|Any CPU
		{41CAEA59-5A47-4F27-96F3-CE91D7E493DA}.AppStore|ARM64.Deploy.0 = Release|Any CPU
		{41CAEA59-5A47-4F27-96F3-CE91D7E493DA}.AppStore|iPhone.ActiveCfg = Release|Any CPU
		{41CAEA59-5A47-4F27-96F3-CE91D7E493DA}.AppStore|iPhone.Build.0 = Release|Any CPU
		{41CAEA59-5A47-4F27-96F3-CE91D7E493DA}.AppStore|iPhone.Deploy.0 = Release|Any CPU
		{41CAEA59-5A47-4F27-96F3-CE91D7E493DA}.AppStore|iPhoneSimulator.ActiveCfg = Release|Any CPU
		{41CAEA59-5A47-4F27-96F3-CE91D7E493DA}.AppStore|iPhoneSimulator.Build.0 = Release|Any CPU
		{41CAEA59-5A47-4F27-96F3-CE91D7E493DA}.AppStore|iPhoneSimulator.Deploy.0 = Release|Any CPU
		{41CAEA59-5A47-4F27-96F3-CE91D7E493DA}.AppStore|x64.ActiveCfg = Release|Any CPU
		{41CAEA59-5A47-4F27-96F3-CE91D7E493DA}.AppStore|x64.Build.0 = Release|Any CPU
		{41CAEA59-5A47-4F27-96F3-CE91D7E493DA}.AppStore|x64.Deploy.0 = Release|Any CPU
		{41CAEA59-5A47-4F27-96F3-CE91D7E493DA}.AppStore|x86.ActiveCfg = Release|Any CPU
		{41CAEA59-5A47-4F27-96F3-CE91D7E493DA}.AppStore|x86.Build.0 = Release|Any CPU
		{41CAEA59-5A47-4F27-96F3-CE91D7E493DA}.AppStore|x86.Deploy.0 = Release|Any CPU
		{41CAEA59-5A47-4F27-96F3-CE91D7E493DA}.Debug|Any CPU.ActiveCfg = Debug|Any CPU
		{41CAEA59-5A47-4F27-96F3-CE91D7E493DA}.Debug|Any CPU.Build.0 = Debug|Any CPU
		{41CAEA59-5A47-4F27-96F3-CE91D7E493DA}.Debug|Any CPU.Deploy.0 = Debug|Any CPU
		{41CAEA59-5A47-4F27-96F3-CE91D7E493DA}.Debug|ARM.ActiveCfg = Debug|Any CPU
		{41CAEA59-5A47-4F27-96F3-CE91D7E493DA}.Debug|ARM.Build.0 = Debug|Any CPU
		{41CAEA59-5A47-4F27-96F3-CE91D7E493DA}.Debug|ARM.Deploy.0 = Debug|Any CPU
		{41CAEA59-5A47-4F27-96F3-CE91D7E493DA}.Debug|ARM64.ActiveCfg = Debug|Any CPU
		{41CAEA59-5A47-4F27-96F3-CE91D7E493DA}.Debug|ARM64.Build.0 = Debug|Any CPU
		{41CAEA59-5A47-4F27-96F3-CE91D7E493DA}.Debug|ARM64.Deploy.0 = Debug|Any CPU
		{41CAEA59-5A47-4F27-96F3-CE91D7E493DA}.Debug|iPhone.ActiveCfg = Debug|Any CPU
		{41CAEA59-5A47-4F27-96F3-CE91D7E493DA}.Debug|iPhone.Build.0 = Debug|Any CPU
		{41CAEA59-5A47-4F27-96F3-CE91D7E493DA}.Debug|iPhone.Deploy.0 = Debug|Any CPU
		{41CAEA59-5A47-4F27-96F3-CE91D7E493DA}.Debug|iPhoneSimulator.ActiveCfg = Debug|Any CPU
		{41CAEA59-5A47-4F27-96F3-CE91D7E493DA}.Debug|iPhoneSimulator.Build.0 = Debug|Any CPU
		{41CAEA59-5A47-4F27-96F3-CE91D7E493DA}.Debug|iPhoneSimulator.Deploy.0 = Debug|Any CPU
		{41CAEA59-5A47-4F27-96F3-CE91D7E493DA}.Debug|x64.ActiveCfg = Debug|Any CPU
		{41CAEA59-5A47-4F27-96F3-CE91D7E493DA}.Debug|x64.Build.0 = Debug|Any CPU
		{41CAEA59-5A47-4F27-96F3-CE91D7E493DA}.Debug|x64.Deploy.0 = Debug|Any CPU
		{41CAEA59-5A47-4F27-96F3-CE91D7E493DA}.Debug|x86.ActiveCfg = Debug|Any CPU
		{41CAEA59-5A47-4F27-96F3-CE91D7E493DA}.Debug|x86.Build.0 = Debug|Any CPU
		{41CAEA59-5A47-4F27-96F3-CE91D7E493DA}.Debug|x86.Deploy.0 = Debug|Any CPU
		{41CAEA59-5A47-4F27-96F3-CE91D7E493DA}.Release|Any CPU.ActiveCfg = Release|Any CPU
		{41CAEA59-5A47-4F27-96F3-CE91D7E493DA}.Release|Any CPU.Build.0 = Release|Any CPU
		{41CAEA59-5A47-4F27-96F3-CE91D7E493DA}.Release|Any CPU.Deploy.0 = Release|Any CPU
		{41CAEA59-5A47-4F27-96F3-CE91D7E493DA}.Release|ARM.ActiveCfg = Release|Any CPU
		{41CAEA59-5A47-4F27-96F3-CE91D7E493DA}.Release|ARM.Build.0 = Release|Any CPU
		{41CAEA59-5A47-4F27-96F3-CE91D7E493DA}.Release|ARM.Deploy.0 = Release|Any CPU
		{41CAEA59-5A47-4F27-96F3-CE91D7E493DA}.Release|ARM64.ActiveCfg = Release|Any CPU
		{41CAEA59-5A47-4F27-96F3-CE91D7E493DA}.Release|ARM64.Build.0 = Release|Any CPU
		{41CAEA59-5A47-4F27-96F3-CE91D7E493DA}.Release|ARM64.Deploy.0 = Release|Any CPU
		{41CAEA59-5A47-4F27-96F3-CE91D7E493DA}.Release|iPhone.ActiveCfg = Release|Any CPU
		{41CAEA59-5A47-4F27-96F3-CE91D7E493DA}.Release|iPhone.Build.0 = Release|Any CPU
		{41CAEA59-5A47-4F27-96F3-CE91D7E493DA}.Release|iPhone.Deploy.0 = Release|Any CPU
		{41CAEA59-5A47-4F27-96F3-CE91D7E493DA}.Release|iPhoneSimulator.ActiveCfg = Release|Any CPU
		{41CAEA59-5A47-4F27-96F3-CE91D7E493DA}.Release|iPhoneSimulator.Build.0 = Release|Any CPU
		{41CAEA59-5A47-4F27-96F3-CE91D7E493DA}.Release|iPhoneSimulator.Deploy.0 = Release|Any CPU
		{41CAEA59-5A47-4F27-96F3-CE91D7E493DA}.Release|x64.ActiveCfg = Release|Any CPU
		{41CAEA59-5A47-4F27-96F3-CE91D7E493DA}.Release|x64.Build.0 = Release|Any CPU
		{41CAEA59-5A47-4F27-96F3-CE91D7E493DA}.Release|x64.Deploy.0 = Release|Any CPU
		{41CAEA59-5A47-4F27-96F3-CE91D7E493DA}.Release|x86.ActiveCfg = Release|Any CPU
		{41CAEA59-5A47-4F27-96F3-CE91D7E493DA}.Release|x86.Build.0 = Release|Any CPU
		{41CAEA59-5A47-4F27-96F3-CE91D7E493DA}.Release|x86.Deploy.0 = Release|Any CPU
		{B2DB80A2-08A9-44F0-9263-B38762A346CC}.Ad-Hoc|Any CPU.ActiveCfg = Ad-Hoc|iPhone
		{B2DB80A2-08A9-44F0-9263-B38762A346CC}.Ad-Hoc|ARM.ActiveCfg = Ad-Hoc|iPhone
		{B2DB80A2-08A9-44F0-9263-B38762A346CC}.Ad-Hoc|ARM64.ActiveCfg = Ad-Hoc|iPhone
		{B2DB80A2-08A9-44F0-9263-B38762A346CC}.Ad-Hoc|iPhone.ActiveCfg = Ad-Hoc|iPhone
		{B2DB80A2-08A9-44F0-9263-B38762A346CC}.Ad-Hoc|iPhone.Build.0 = Ad-Hoc|iPhone
		{B2DB80A2-08A9-44F0-9263-B38762A346CC}.Ad-Hoc|iPhoneSimulator.ActiveCfg = Ad-Hoc|iPhoneSimulator
		{B2DB80A2-08A9-44F0-9263-B38762A346CC}.Ad-Hoc|iPhoneSimulator.Build.0 = Ad-Hoc|iPhoneSimulator
		{B2DB80A2-08A9-44F0-9263-B38762A346CC}.Ad-Hoc|x64.ActiveCfg = Ad-Hoc|iPhone
		{B2DB80A2-08A9-44F0-9263-B38762A346CC}.Ad-Hoc|x86.ActiveCfg = Ad-Hoc|iPhone
		{B2DB80A2-08A9-44F0-9263-B38762A346CC}.AppStore|Any CPU.ActiveCfg = AppStore|iPhone
		{B2DB80A2-08A9-44F0-9263-B38762A346CC}.AppStore|ARM.ActiveCfg = AppStore|iPhone
		{B2DB80A2-08A9-44F0-9263-B38762A346CC}.AppStore|ARM64.ActiveCfg = AppStore|iPhone
		{B2DB80A2-08A9-44F0-9263-B38762A346CC}.AppStore|iPhone.ActiveCfg = AppStore|iPhone
		{B2DB80A2-08A9-44F0-9263-B38762A346CC}.AppStore|iPhone.Build.0 = AppStore|iPhone
		{B2DB80A2-08A9-44F0-9263-B38762A346CC}.AppStore|iPhoneSimulator.ActiveCfg = AppStore|iPhoneSimulator
		{B2DB80A2-08A9-44F0-9263-B38762A346CC}.AppStore|iPhoneSimulator.Build.0 = AppStore|iPhoneSimulator
		{B2DB80A2-08A9-44F0-9263-B38762A346CC}.AppStore|x64.ActiveCfg = AppStore|iPhone
		{B2DB80A2-08A9-44F0-9263-B38762A346CC}.AppStore|x86.ActiveCfg = AppStore|iPhone
		{B2DB80A2-08A9-44F0-9263-B38762A346CC}.Debug|Any CPU.ActiveCfg = Debug|iPhone
		{B2DB80A2-08A9-44F0-9263-B38762A346CC}.Debug|ARM.ActiveCfg = Debug|iPhone
		{B2DB80A2-08A9-44F0-9263-B38762A346CC}.Debug|ARM64.ActiveCfg = Debug|iPhone
		{B2DB80A2-08A9-44F0-9263-B38762A346CC}.Debug|iPhone.ActiveCfg = Debug|iPhone
		{B2DB80A2-08A9-44F0-9263-B38762A346CC}.Debug|iPhone.Build.0 = Debug|iPhone
		{B2DB80A2-08A9-44F0-9263-B38762A346CC}.Debug|iPhoneSimulator.ActiveCfg = Debug|iPhoneSimulator
		{B2DB80A2-08A9-44F0-9263-B38762A346CC}.Debug|iPhoneSimulator.Build.0 = Debug|iPhoneSimulator
		{B2DB80A2-08A9-44F0-9263-B38762A346CC}.Debug|x64.ActiveCfg = Debug|iPhone
		{B2DB80A2-08A9-44F0-9263-B38762A346CC}.Debug|x86.ActiveCfg = Debug|iPhone
		{B2DB80A2-08A9-44F0-9263-B38762A346CC}.Release|Any CPU.ActiveCfg = Release|iPhone
		{B2DB80A2-08A9-44F0-9263-B38762A346CC}.Release|ARM.ActiveCfg = Release|iPhone
		{B2DB80A2-08A9-44F0-9263-B38762A346CC}.Release|ARM64.ActiveCfg = Release|iPhone
		{B2DB80A2-08A9-44F0-9263-B38762A346CC}.Release|iPhone.ActiveCfg = Release|iPhone
		{B2DB80A2-08A9-44F0-9263-B38762A346CC}.Release|iPhone.Build.0 = Release|iPhone
		{B2DB80A2-08A9-44F0-9263-B38762A346CC}.Release|iPhoneSimulator.ActiveCfg = Release|iPhoneSimulator
		{B2DB80A2-08A9-44F0-9263-B38762A346CC}.Release|iPhoneSimulator.Build.0 = Release|iPhoneSimulator
		{B2DB80A2-08A9-44F0-9263-B38762A346CC}.Release|x64.ActiveCfg = Release|iPhone
		{B2DB80A2-08A9-44F0-9263-B38762A346CC}.Release|x86.ActiveCfg = Release|iPhone
		{25038C7B-5B73-4C3B-A3A0-3D47B22FD183}.Ad-Hoc|Any CPU.ActiveCfg = Release|x64
		{25038C7B-5B73-4C3B-A3A0-3D47B22FD183}.Ad-Hoc|Any CPU.Build.0 = Release|x64
		{25038C7B-5B73-4C3B-A3A0-3D47B22FD183}.Ad-Hoc|Any CPU.Deploy.0 = Release|x64
		{25038C7B-5B73-4C3B-A3A0-3D47B22FD183}.Ad-Hoc|ARM.ActiveCfg = Release|ARM
		{25038C7B-5B73-4C3B-A3A0-3D47B22FD183}.Ad-Hoc|ARM.Build.0 = Release|ARM
		{25038C7B-5B73-4C3B-A3A0-3D47B22FD183}.Ad-Hoc|ARM.Deploy.0 = Release|ARM
		{25038C7B-5B73-4C3B-A3A0-3D47B22FD183}.Ad-Hoc|ARM64.ActiveCfg = Release|ARM64
		{25038C7B-5B73-4C3B-A3A0-3D47B22FD183}.Ad-Hoc|ARM64.Build.0 = Release|ARM64
		{25038C7B-5B73-4C3B-A3A0-3D47B22FD183}.Ad-Hoc|ARM64.Deploy.0 = Release|ARM64
		{25038C7B-5B73-4C3B-A3A0-3D47B22FD183}.Ad-Hoc|iPhone.ActiveCfg = Release|x64
		{25038C7B-5B73-4C3B-A3A0-3D47B22FD183}.Ad-Hoc|iPhone.Build.0 = Release|x64
		{25038C7B-5B73-4C3B-A3A0-3D47B22FD183}.Ad-Hoc|iPhone.Deploy.0 = Release|x64
		{25038C7B-5B73-4C3B-A3A0-3D47B22FD183}.Ad-Hoc|iPhoneSimulator.ActiveCfg = Release|x64
		{25038C7B-5B73-4C3B-A3A0-3D47B22FD183}.Ad-Hoc|iPhoneSimulator.Build.0 = Release|x64
		{25038C7B-5B73-4C3B-A3A0-3D47B22FD183}.Ad-Hoc|iPhoneSimulator.Deploy.0 = Release|x64
		{25038C7B-5B73-4C3B-A3A0-3D47B22FD183}.Ad-Hoc|x64.ActiveCfg = Release|x64
		{25038C7B-5B73-4C3B-A3A0-3D47B22FD183}.Ad-Hoc|x64.Build.0 = Release|x64
		{25038C7B-5B73-4C3B-A3A0-3D47B22FD183}.Ad-Hoc|x64.Deploy.0 = Release|x64
		{25038C7B-5B73-4C3B-A3A0-3D47B22FD183}.Ad-Hoc|x86.ActiveCfg = Release|x86
		{25038C7B-5B73-4C3B-A3A0-3D47B22FD183}.Ad-Hoc|x86.Build.0 = Release|x86
		{25038C7B-5B73-4C3B-A3A0-3D47B22FD183}.Ad-Hoc|x86.Deploy.0 = Release|x86
		{25038C7B-5B73-4C3B-A3A0-3D47B22FD183}.AppStore|Any CPU.ActiveCfg = Release|x64
		{25038C7B-5B73-4C3B-A3A0-3D47B22FD183}.AppStore|Any CPU.Build.0 = Release|x64
		{25038C7B-5B73-4C3B-A3A0-3D47B22FD183}.AppStore|Any CPU.Deploy.0 = Release|x64
		{25038C7B-5B73-4C3B-A3A0-3D47B22FD183}.AppStore|ARM.ActiveCfg = Release|ARM
		{25038C7B-5B73-4C3B-A3A0-3D47B22FD183}.AppStore|ARM.Build.0 = Release|ARM
		{25038C7B-5B73-4C3B-A3A0-3D47B22FD183}.AppStore|ARM.Deploy.0 = Release|ARM
		{25038C7B-5B73-4C3B-A3A0-3D47B22FD183}.AppStore|ARM64.ActiveCfg = Release|ARM64
		{25038C7B-5B73-4C3B-A3A0-3D47B22FD183}.AppStore|ARM64.Build.0 = Release|ARM64
		{25038C7B-5B73-4C3B-A3A0-3D47B22FD183}.AppStore|ARM64.Deploy.0 = Release|ARM64
		{25038C7B-5B73-4C3B-A3A0-3D47B22FD183}.AppStore|iPhone.ActiveCfg = Release|x64
		{25038C7B-5B73-4C3B-A3A0-3D47B22FD183}.AppStore|iPhone.Build.0 = Release|x64
		{25038C7B-5B73-4C3B-A3A0-3D47B22FD183}.AppStore|iPhone.Deploy.0 = Release|x64
		{25038C7B-5B73-4C3B-A3A0-3D47B22FD183}.AppStore|iPhoneSimulator.ActiveCfg = Release|x64
		{25038C7B-5B73-4C3B-A3A0-3D47B22FD183}.AppStore|iPhoneSimulator.Build.0 = Release|x64
		{25038C7B-5B73-4C3B-A3A0-3D47B22FD183}.AppStore|iPhoneSimulator.Deploy.0 = Release|x64
		{25038C7B-5B73-4C3B-A3A0-3D47B22FD183}.AppStore|x64.ActiveCfg = Release|x64
		{25038C7B-5B73-4C3B-A3A0-3D47B22FD183}.AppStore|x64.Build.0 = Release|x64
		{25038C7B-5B73-4C3B-A3A0-3D47B22FD183}.AppStore|x64.Deploy.0 = Release|x64
		{25038C7B-5B73-4C3B-A3A0-3D47B22FD183}.AppStore|x86.ActiveCfg = Release|x86
		{25038C7B-5B73-4C3B-A3A0-3D47B22FD183}.AppStore|x86.Build.0 = Release|x86
		{25038C7B-5B73-4C3B-A3A0-3D47B22FD183}.AppStore|x86.Deploy.0 = Release|x86
		{25038C7B-5B73-4C3B-A3A0-3D47B22FD183}.Debug|Any CPU.ActiveCfg = Debug|x86
		{25038C7B-5B73-4C3B-A3A0-3D47B22FD183}.Debug|ARM.ActiveCfg = Debug|ARM
		{25038C7B-5B73-4C3B-A3A0-3D47B22FD183}.Debug|ARM.Build.0 = Debug|ARM
		{25038C7B-5B73-4C3B-A3A0-3D47B22FD183}.Debug|ARM.Deploy.0 = Debug|ARM
		{25038C7B-5B73-4C3B-A3A0-3D47B22FD183}.Debug|ARM64.ActiveCfg = Debug|ARM64
		{25038C7B-5B73-4C3B-A3A0-3D47B22FD183}.Debug|ARM64.Build.0 = Debug|ARM64
		{25038C7B-5B73-4C3B-A3A0-3D47B22FD183}.Debug|ARM64.Deploy.0 = Debug|ARM64
		{25038C7B-5B73-4C3B-A3A0-3D47B22FD183}.Debug|iPhone.ActiveCfg = Debug|x86
		{25038C7B-5B73-4C3B-A3A0-3D47B22FD183}.Debug|iPhoneSimulator.ActiveCfg = Debug|x86
		{25038C7B-5B73-4C3B-A3A0-3D47B22FD183}.Debug|x64.ActiveCfg = Debug|x64
		{25038C7B-5B73-4C3B-A3A0-3D47B22FD183}.Debug|x64.Build.0 = Debug|x64
		{25038C7B-5B73-4C3B-A3A0-3D47B22FD183}.Debug|x64.Deploy.0 = Debug|x64
		{25038C7B-5B73-4C3B-A3A0-3D47B22FD183}.Debug|x86.ActiveCfg = Debug|x86
		{25038C7B-5B73-4C3B-A3A0-3D47B22FD183}.Debug|x86.Build.0 = Debug|x86
		{25038C7B-5B73-4C3B-A3A0-3D47B22FD183}.Debug|x86.Deploy.0 = Debug|x86
		{25038C7B-5B73-4C3B-A3A0-3D47B22FD183}.Release|Any CPU.ActiveCfg = Release|x86
		{25038C7B-5B73-4C3B-A3A0-3D47B22FD183}.Release|ARM.ActiveCfg = Release|ARM
		{25038C7B-5B73-4C3B-A3A0-3D47B22FD183}.Release|ARM.Build.0 = Release|ARM
		{25038C7B-5B73-4C3B-A3A0-3D47B22FD183}.Release|ARM.Deploy.0 = Release|ARM
		{25038C7B-5B73-4C3B-A3A0-3D47B22FD183}.Release|ARM64.ActiveCfg = Release|ARM64
		{25038C7B-5B73-4C3B-A3A0-3D47B22FD183}.Release|ARM64.Build.0 = Release|ARM64
		{25038C7B-5B73-4C3B-A3A0-3D47B22FD183}.Release|ARM64.Deploy.0 = Release|ARM64
		{25038C7B-5B73-4C3B-A3A0-3D47B22FD183}.Release|iPhone.ActiveCfg = Release|x86
		{25038C7B-5B73-4C3B-A3A0-3D47B22FD183}.Release|iPhoneSimulator.ActiveCfg = Release|x86
		{25038C7B-5B73-4C3B-A3A0-3D47B22FD183}.Release|x64.ActiveCfg = Release|x64
		{25038C7B-5B73-4C3B-A3A0-3D47B22FD183}.Release|x64.Build.0 = Release|x64
		{25038C7B-5B73-4C3B-A3A0-3D47B22FD183}.Release|x64.Deploy.0 = Release|x64
		{25038C7B-5B73-4C3B-A3A0-3D47B22FD183}.Release|x86.ActiveCfg = Release|x86
		{25038C7B-5B73-4C3B-A3A0-3D47B22FD183}.Release|x86.Build.0 = Release|x86
		{25038C7B-5B73-4C3B-A3A0-3D47B22FD183}.Release|x86.Deploy.0 = Release|x86
		{5F2B5FF2-74A2-4A3D-89B1-8FF84BAB6703}.Ad-Hoc|Any CPU.ActiveCfg = Debug|Any CPU
		{5F2B5FF2-74A2-4A3D-89B1-8FF84BAB6703}.Ad-Hoc|Any CPU.Build.0 = Debug|Any CPU
		{5F2B5FF2-74A2-4A3D-89B1-8FF84BAB6703}.Ad-Hoc|ARM.ActiveCfg = Debug|Any CPU
		{5F2B5FF2-74A2-4A3D-89B1-8FF84BAB6703}.Ad-Hoc|ARM.Build.0 = Debug|Any CPU
		{5F2B5FF2-74A2-4A3D-89B1-8FF84BAB6703}.Ad-Hoc|ARM64.ActiveCfg = Debug|Any CPU
		{5F2B5FF2-74A2-4A3D-89B1-8FF84BAB6703}.Ad-Hoc|ARM64.Build.0 = Debug|Any CPU
		{5F2B5FF2-74A2-4A3D-89B1-8FF84BAB6703}.Ad-Hoc|iPhone.ActiveCfg = Debug|Any CPU
		{5F2B5FF2-74A2-4A3D-89B1-8FF84BAB6703}.Ad-Hoc|iPhone.Build.0 = Debug|Any CPU
		{5F2B5FF2-74A2-4A3D-89B1-8FF84BAB6703}.Ad-Hoc|iPhoneSimulator.ActiveCfg = Debug|Any CPU
		{5F2B5FF2-74A2-4A3D-89B1-8FF84BAB6703}.Ad-Hoc|iPhoneSimulator.Build.0 = Debug|Any CPU
		{5F2B5FF2-74A2-4A3D-89B1-8FF84BAB6703}.Ad-Hoc|x64.ActiveCfg = Debug|Any CPU
		{5F2B5FF2-74A2-4A3D-89B1-8FF84BAB6703}.Ad-Hoc|x64.Build.0 = Debug|Any CPU
		{5F2B5FF2-74A2-4A3D-89B1-8FF84BAB6703}.Ad-Hoc|x86.ActiveCfg = Debug|Any CPU
		{5F2B5FF2-74A2-4A3D-89B1-8FF84BAB6703}.Ad-Hoc|x86.Build.0 = Debug|Any CPU
		{5F2B5FF2-74A2-4A3D-89B1-8FF84BAB6703}.AppStore|Any CPU.ActiveCfg = Debug|Any CPU
		{5F2B5FF2-74A2-4A3D-89B1-8FF84BAB6703}.AppStore|Any CPU.Build.0 = Debug|Any CPU
		{5F2B5FF2-74A2-4A3D-89B1-8FF84BAB6703}.AppStore|ARM.ActiveCfg = Debug|Any CPU
		{5F2B5FF2-74A2-4A3D-89B1-8FF84BAB6703}.AppStore|ARM.Build.0 = Debug|Any CPU
		{5F2B5FF2-74A2-4A3D-89B1-8FF84BAB6703}.AppStore|ARM64.ActiveCfg = Debug|Any CPU
		{5F2B5FF2-74A2-4A3D-89B1-8FF84BAB6703}.AppStore|ARM64.Build.0 = Debug|Any CPU
		{5F2B5FF2-74A2-4A3D-89B1-8FF84BAB6703}.AppStore|iPhone.ActiveCfg = Debug|Any CPU
		{5F2B5FF2-74A2-4A3D-89B1-8FF84BAB6703}.AppStore|iPhone.Build.0 = Debug|Any CPU
		{5F2B5FF2-74A2-4A3D-89B1-8FF84BAB6703}.AppStore|iPhoneSimulator.ActiveCfg = Debug|Any CPU
		{5F2B5FF2-74A2-4A3D-89B1-8FF84BAB6703}.AppStore|iPhoneSimulator.Build.0 = Debug|Any CPU
		{5F2B5FF2-74A2-4A3D-89B1-8FF84BAB6703}.AppStore|x64.ActiveCfg = Debug|Any CPU
		{5F2B5FF2-74A2-4A3D-89B1-8FF84BAB6703}.AppStore|x64.Build.0 = Debug|Any CPU
		{5F2B5FF2-74A2-4A3D-89B1-8FF84BAB6703}.AppStore|x86.ActiveCfg = Debug|Any CPU
		{5F2B5FF2-74A2-4A3D-89B1-8FF84BAB6703}.AppStore|x86.Build.0 = Debug|Any CPU
		{5F2B5FF2-74A2-4A3D-89B1-8FF84BAB6703}.Debug|Any CPU.ActiveCfg = Debug|Any CPU
		{5F2B5FF2-74A2-4A3D-89B1-8FF84BAB6703}.Debug|Any CPU.Build.0 = Debug|Any CPU
		{5F2B5FF2-74A2-4A3D-89B1-8FF84BAB6703}.Debug|ARM.ActiveCfg = Debug|Any CPU
		{5F2B5FF2-74A2-4A3D-89B1-8FF84BAB6703}.Debug|ARM.Build.0 = Debug|Any CPU
		{5F2B5FF2-74A2-4A3D-89B1-8FF84BAB6703}.Debug|ARM64.ActiveCfg = Debug|Any CPU
		{5F2B5FF2-74A2-4A3D-89B1-8FF84BAB6703}.Debug|ARM64.Build.0 = Debug|Any CPU
		{5F2B5FF2-74A2-4A3D-89B1-8FF84BAB6703}.Debug|iPhone.ActiveCfg = Debug|Any CPU
		{5F2B5FF2-74A2-4A3D-89B1-8FF84BAB6703}.Debug|iPhone.Build.0 = Debug|Any CPU
		{5F2B5FF2-74A2-4A3D-89B1-8FF84BAB6703}.Debug|iPhoneSimulator.ActiveCfg = Debug|Any CPU
		{5F2B5FF2-74A2-4A3D-89B1-8FF84BAB6703}.Debug|iPhoneSimulator.Build.0 = Debug|Any CPU
		{5F2B5FF2-74A2-4A3D-89B1-8FF84BAB6703}.Debug|x64.ActiveCfg = Debug|Any CPU
		{5F2B5FF2-74A2-4A3D-89B1-8FF84BAB6703}.Debug|x64.Build.0 = Debug|Any CPU
		{5F2B5FF2-74A2-4A3D-89B1-8FF84BAB6703}.Debug|x86.ActiveCfg = Debug|Any CPU
		{5F2B5FF2-74A2-4A3D-89B1-8FF84BAB6703}.Debug|x86.Build.0 = Debug|Any CPU
		{5F2B5FF2-74A2-4A3D-89B1-8FF84BAB6703}.Release|Any CPU.ActiveCfg = Release|Any CPU
		{5F2B5FF2-74A2-4A3D-89B1-8FF84BAB6703}.Release|Any CPU.Build.0 = Release|Any CPU
		{5F2B5FF2-74A2-4A3D-89B1-8FF84BAB6703}.Release|ARM.ActiveCfg = Release|Any CPU
		{5F2B5FF2-74A2-4A3D-89B1-8FF84BAB6703}.Release|ARM.Build.0 = Release|Any CPU
		{5F2B5FF2-74A2-4A3D-89B1-8FF84BAB6703}.Release|ARM64.ActiveCfg = Release|Any CPU
		{5F2B5FF2-74A2-4A3D-89B1-8FF84BAB6703}.Release|ARM64.Build.0 = Release|Any CPU
		{5F2B5FF2-74A2-4A3D-89B1-8FF84BAB6703}.Release|iPhone.ActiveCfg = Release|Any CPU
		{5F2B5FF2-74A2-4A3D-89B1-8FF84BAB6703}.Release|iPhone.Build.0 = Release|Any CPU
		{5F2B5FF2-74A2-4A3D-89B1-8FF84BAB6703}.Release|iPhoneSimulator.ActiveCfg = Release|Any CPU
		{5F2B5FF2-74A2-4A3D-89B1-8FF84BAB6703}.Release|iPhoneSimulator.Build.0 = Release|Any CPU
		{5F2B5FF2-74A2-4A3D-89B1-8FF84BAB6703}.Release|x64.ActiveCfg = Release|Any CPU
		{5F2B5FF2-74A2-4A3D-89B1-8FF84BAB6703}.Release|x64.Build.0 = Release|Any CPU
		{5F2B5FF2-74A2-4A3D-89B1-8FF84BAB6703}.Release|x86.ActiveCfg = Release|Any CPU
		{5F2B5FF2-74A2-4A3D-89B1-8FF84BAB6703}.Release|x86.Build.0 = Release|Any CPU
		{8F213001-940C-4B18-B0A5-BCA73E25468D}.Ad-Hoc|Any CPU.ActiveCfg = Release|iPhoneSimulator
		{8F213001-940C-4B18-B0A5-BCA73E25468D}.Ad-Hoc|Any CPU.Build.0 = Release|iPhoneSimulator
		{8F213001-940C-4B18-B0A5-BCA73E25468D}.Ad-Hoc|ARM.ActiveCfg = Release|iPhoneSimulator
		{8F213001-940C-4B18-B0A5-BCA73E25468D}.Ad-Hoc|ARM.Build.0 = Release|iPhoneSimulator
		{8F213001-940C-4B18-B0A5-BCA73E25468D}.Ad-Hoc|ARM64.ActiveCfg = Release|iPhoneSimulator
		{8F213001-940C-4B18-B0A5-BCA73E25468D}.Ad-Hoc|ARM64.Build.0 = Release|iPhoneSimulator
		{8F213001-940C-4B18-B0A5-BCA73E25468D}.Ad-Hoc|iPhone.ActiveCfg = Release|iPhoneSimulator
		{8F213001-940C-4B18-B0A5-BCA73E25468D}.Ad-Hoc|iPhone.Build.0 = Release|iPhoneSimulator
		{8F213001-940C-4B18-B0A5-BCA73E25468D}.Ad-Hoc|iPhoneSimulator.ActiveCfg = Release|iPhoneSimulator
		{8F213001-940C-4B18-B0A5-BCA73E25468D}.Ad-Hoc|iPhoneSimulator.Build.0 = Release|iPhoneSimulator
		{8F213001-940C-4B18-B0A5-BCA73E25468D}.Ad-Hoc|x64.ActiveCfg = Release|iPhoneSimulator
		{8F213001-940C-4B18-B0A5-BCA73E25468D}.Ad-Hoc|x64.Build.0 = Release|iPhoneSimulator
		{8F213001-940C-4B18-B0A5-BCA73E25468D}.Ad-Hoc|x86.ActiveCfg = Release|iPhoneSimulator
		{8F213001-940C-4B18-B0A5-BCA73E25468D}.Ad-Hoc|x86.Build.0 = Release|iPhoneSimulator
		{8F213001-940C-4B18-B0A5-BCA73E25468D}.AppStore|Any CPU.ActiveCfg = Release|iPhoneSimulator
		{8F213001-940C-4B18-B0A5-BCA73E25468D}.AppStore|Any CPU.Build.0 = Release|iPhoneSimulator
		{8F213001-940C-4B18-B0A5-BCA73E25468D}.AppStore|ARM.ActiveCfg = Release|iPhoneSimulator
		{8F213001-940C-4B18-B0A5-BCA73E25468D}.AppStore|ARM.Build.0 = Release|iPhoneSimulator
		{8F213001-940C-4B18-B0A5-BCA73E25468D}.AppStore|ARM64.ActiveCfg = Release|iPhoneSimulator
		{8F213001-940C-4B18-B0A5-BCA73E25468D}.AppStore|ARM64.Build.0 = Release|iPhoneSimulator
		{8F213001-940C-4B18-B0A5-BCA73E25468D}.AppStore|iPhone.ActiveCfg = Release|iPhoneSimulator
		{8F213001-940C-4B18-B0A5-BCA73E25468D}.AppStore|iPhone.Build.0 = Release|iPhoneSimulator
		{8F213001-940C-4B18-B0A5-BCA73E25468D}.AppStore|iPhoneSimulator.ActiveCfg = Release|iPhoneSimulator
		{8F213001-940C-4B18-B0A5-BCA73E25468D}.AppStore|iPhoneSimulator.Build.0 = Release|iPhoneSimulator
		{8F213001-940C-4B18-B0A5-BCA73E25468D}.AppStore|x64.ActiveCfg = Release|iPhoneSimulator
		{8F213001-940C-4B18-B0A5-BCA73E25468D}.AppStore|x64.Build.0 = Release|iPhoneSimulator
		{8F213001-940C-4B18-B0A5-BCA73E25468D}.AppStore|x86.ActiveCfg = Release|iPhoneSimulator
		{8F213001-940C-4B18-B0A5-BCA73E25468D}.AppStore|x86.Build.0 = Release|iPhoneSimulator
		{8F213001-940C-4B18-B0A5-BCA73E25468D}.Debug|Any CPU.ActiveCfg = Debug|iPhoneSimulator
		{8F213001-940C-4B18-B0A5-BCA73E25468D}.Debug|ARM.ActiveCfg = Debug|iPhoneSimulator
		{8F213001-940C-4B18-B0A5-BCA73E25468D}.Debug|ARM64.ActiveCfg = Debug|iPhoneSimulator
		{8F213001-940C-4B18-B0A5-BCA73E25468D}.Debug|iPhone.ActiveCfg = Debug|iPhoneSimulator
		{8F213001-940C-4B18-B0A5-BCA73E25468D}.Debug|iPhoneSimulator.ActiveCfg = Debug|iPhoneSimulator
		{8F213001-940C-4B18-B0A5-BCA73E25468D}.Debug|iPhoneSimulator.Build.0 = Debug|iPhoneSimulator
		{8F213001-940C-4B18-B0A5-BCA73E25468D}.Debug|x64.ActiveCfg = Debug|iPhoneSimulator
		{8F213001-940C-4B18-B0A5-BCA73E25468D}.Debug|x86.ActiveCfg = Debug|iPhoneSimulator
		{8F213001-940C-4B18-B0A5-BCA73E25468D}.Release|Any CPU.ActiveCfg = Release|iPhoneSimulator
		{8F213001-940C-4B18-B0A5-BCA73E25468D}.Release|ARM.ActiveCfg = Release|iPhoneSimulator
		{8F213001-940C-4B18-B0A5-BCA73E25468D}.Release|ARM64.ActiveCfg = Release|iPhoneSimulator
		{8F213001-940C-4B18-B0A5-BCA73E25468D}.Release|iPhone.ActiveCfg = Release|iPhoneSimulator
		{8F213001-940C-4B18-B0A5-BCA73E25468D}.Release|iPhoneSimulator.ActiveCfg = Release|iPhoneSimulator
		{8F213001-940C-4B18-B0A5-BCA73E25468D}.Release|iPhoneSimulator.Build.0 = Release|iPhoneSimulator
		{8F213001-940C-4B18-B0A5-BCA73E25468D}.Release|x64.ActiveCfg = Release|iPhoneSimulator
		{8F213001-940C-4B18-B0A5-BCA73E25468D}.Release|x86.ActiveCfg = Release|iPhoneSimulator
	EndGlobalSection
	GlobalSection(SolutionProperties) = preSolution
		HideSolutionNode = FALSE
	EndGlobalSection
	GlobalSection(ExtensibilityGlobals) = postSolution
		SolutionGuid = {5BA47F0A-F75D-4959-992F-49EDD697863D}
	EndGlobalSection
EndGlobal
